// !$*UTF8*$!
{
	archiveVersion = 1;
	classes = {
	};
	objectVersion = 55;
	objects = {

/* Begin PBXBuildFile section */
		E8CCC02E2895FC1100A86E64 /* AppDelegate.swift in Sources */ = {isa = PBXBuildFile; fileRef = E8CCC02D2895FC1100A86E64 /* AppDelegate.swift */; };
		E8CCC0302895FC1100A86E64 /* SceneDelegate.swift in Sources */ = {isa = PBXBuildFile; fileRef = E8CCC02F2895FC1100A86E64 /* SceneDelegate.swift */; };
		E8CCC0322895FC1100A86E64 /* ViewController.swift in Sources */ = {isa = PBXBuildFile; fileRef = E8CCC0312895FC1100A86E64 /* ViewController.swift */; };
		E8CCC0352895FC1100A86E64 /* Main.storyboard in Resources */ = {isa = PBXBuildFile; fileRef = E8CCC0332895FC1100A86E64 /* Main.storyboard */; };
		E8CCC0372895FC1300A86E64 /* Assets.xcassets in Resources */ = {isa = PBXBuildFile; fileRef = E8CCC0362895FC1300A86E64 /* Assets.xcassets */; };
		E8CCC03A2895FC1300A86E64 /* LaunchScreen.storyboard in Resources */ = {isa = PBXBuildFile; fileRef = E8CCC0382895FC1300A86E64 /* LaunchScreen.storyboard */; };
		E8CCC0452895FC1400A86E64 /* keyChainJWTTests.swift in Sources */ = {isa = PBXBuildFile; fileRef = E8CCC0442895FC1400A86E64 /* keyChainJWTTests.swift */; };
		E8CCC04F2895FC1400A86E64 /* keyChainJWTUITests.swift in Sources */ = {isa = PBXBuildFile; fileRef = E8CCC04E2895FC1400A86E64 /* keyChainJWTUITests.swift */; };
		E8CCC0512895FC1400A86E64 /* keyChainJWTUITestsLaunchTests.swift in Sources */ = {isa = PBXBuildFile; fileRef = E8CCC0502895FC1400A86E64 /* keyChainJWTUITestsLaunchTests.swift */; };
/* End PBXBuildFile section */

/* Begin PBXContainerItemProxy section */
		E8CCC0412895FC1400A86E64 /* PBXContainerItemProxy */ = {
			isa = PBXContainerItemProxy;
			containerPortal = E8CCC0222895FC1100A86E64 /* Project object */;
			proxyType = 1;
			remoteGlobalIDString = E8CCC0292895FC1100A86E64;
			remoteInfo = keyChainJWT;
		};
		E8CCC04B2895FC1400A86E64 /* PBXContainerItemProxy */ = {
			isa = PBXContainerItemProxy;
			containerPortal = E8CCC0222895FC1100A86E64 /* Project object */;
			proxyType = 1;
			remoteGlobalIDString = E8CCC0292895FC1100A86E64;
			remoteInfo = keyChainJWT;
		};
/* End PBXContainerItemProxy section */

/* Begin PBXFileReference section */
		E8CCC02A2895FC1100A86E64 /* keyChainJWT.app */ = {isa = PBXFileReference; explicitFileType = wrapper.application; includeInIndex = 0; path = keyChainJWT.app; sourceTree = BUILT_PRODUCTS_DIR; };
		E8CCC02D2895FC1100A86E64 /* AppDelegate.swift */ = {isa = PBXFileReference; lastKnownFileType = sourcecode.swift; path = AppDelegate.swift; sourceTree = "<group>"; };
		E8CCC02F2895FC1100A86E64 /* SceneDelegate.swift */ = {isa = PBXFileReference; lastKnownFileType = sourcecode.swift; path = SceneDelegate.swift; sourceTree = "<group>"; };
		E8CCC0312895FC1100A86E64 /* ViewController.swift */ = {isa = PBXFileReference; lastKnownFileType = sourcecode.swift; path = ViewController.swift; sourceTree = "<group>"; };
		E8CCC0342895FC1100A86E64 /* Base */ = {isa = PBXFileReference; lastKnownFileType = file.storyboard; name = Base; path = Base.lproj/Main.storyboard; sourceTree = "<group>"; };
		E8CCC0362895FC1300A86E64 /* Assets.xcassets */ = {isa = PBXFileReference; lastKnownFileType = folder.assetcatalog; path = Assets.xcassets; sourceTree = "<group>"; };
		E8CCC0392895FC1300A86E64 /* Base */ = {isa = PBXFileReference; lastKnownFileType = file.storyboard; name = Base; path = Base.lproj/LaunchScreen.storyboard; sourceTree = "<group>"; };
		E8CCC03B2895FC1300A86E64 /* Info.plist */ = {isa = PBXFileReference; lastKnownFileType = text.plist.xml; path = Info.plist; sourceTree = "<group>"; };
		E8CCC0402895FC1400A86E64 /* keyChainJWTTests.xctest */ = {isa = PBXFileReference; explicitFileType = wrapper.cfbundle; includeInIndex = 0; path = keyChainJWTTests.xctest; sourceTree = BUILT_PRODUCTS_DIR; };
		E8CCC0442895FC1400A86E64 /* keyChainJWTTests.swift */ = {isa = PBXFileReference; lastKnownFileType = sourcecode.swift; path = keyChainJWTTests.swift; sourceTree = "<group>"; };
		E8CCC04A2895FC1400A86E64 /* keyChainJWTUITests.xctest */ = {isa = PBXFileReference; explicitFileType = wrapper.cfbundle; includeInIndex = 0; path = keyChainJWTUITests.xctest; sourceTree = BUILT_PRODUCTS_DIR; };
		E8CCC04E2895FC1400A86E64 /* keyChainJWTUITests.swift */ = {isa = PBXFileReference; lastKnownFileType = sourcecode.swift; path = keyChainJWTUITests.swift; sourceTree = "<group>"; };
		E8CCC0502895FC1400A86E64 /* keyChainJWTUITestsLaunchTests.swift */ = {isa = PBXFileReference; lastKnownFileType = sourcecode.swift; path = keyChainJWTUITestsLaunchTests.swift; sourceTree = "<group>"; };
/* End PBXFileReference section */

/* Begin PBXFrameworksBuildPhase section */
		E8CCC0272895FC1100A86E64 /* Frameworks */ = {
			isa = PBXFrameworksBuildPhase;
			buildActionMask = 2147483647;
			files = (
			);
			runOnlyForDeploymentPostprocessing = 0;
		};
		E8CCC03D2895FC1400A86E64 /* Frameworks */ = {
			isa = PBXFrameworksBuildPhase;
			buildActionMask = 2147483647;
			files = (
			);
			runOnlyForDeploymentPostprocessing = 0;
		};
		E8CCC0472895FC1400A86E64 /* Frameworks */ = {
			isa = PBXFrameworksBuildPhase;
			buildActionMask = 2147483647;
			files = (
			);
			runOnlyForDeploymentPostprocessing = 0;
		};
/* End PBXFrameworksBuildPhase section */

/* Begin PBXGroup section */
		E8CCC0212895FC1100A86E64 = {
			isa = PBXGroup;
			children = (
				E8CCC02C2895FC1100A86E64 /* keyChainJWT */,
				E8CCC0432895FC1400A86E64 /* keyChainJWTTests */,
				E8CCC04D2895FC1400A86E64 /* keyChainJWTUITests */,
				E8CCC02B2895FC1100A86E64 /* Products */,
			);
			sourceTree = "<group>";
		};
		E8CCC02B2895FC1100A86E64 /* Products */ = {
			isa = PBXGroup;
			children = (
				E8CCC02A2895FC1100A86E64 /* keyChainJWT.app */,
				E8CCC0402895FC1400A86E64 /* keyChainJWTTests.xctest */,
				E8CCC04A2895FC1400A86E64 /* keyChainJWTUITests.xctest */,
			);
			name = Products;
			sourceTree = "<group>";
		};
		E8CCC02C2895FC1100A86E64 /* keyChainJWT */ = {
			isa = PBXGroup;
			children = (
				E8CCC02D2895FC1100A86E64 /* AppDelegate.swift */,
				E8CCC02F2895FC1100A86E64 /* SceneDelegate.swift */,
				E8CCC0312895FC1100A86E64 /* ViewController.swift */,
				E8CCC0332895FC1100A86E64 /* Main.storyboard */,
				E8CCC0362895FC1300A86E64 /* Assets.xcassets */,
				E8CCC0382895FC1300A86E64 /* LaunchScreen.storyboard */,
				E8CCC03B2895FC1300A86E64 /* Info.plist */,
			);
			path = keyChainJWT;
			sourceTree = "<group>";
		};
		E8CCC0432895FC1400A86E64 /* keyChainJWTTests */ = {
			isa = PBXGroup;
			children = (
				E8CCC0442895FC1400A86E64 /* keyChainJWTTests.swift */,
			);
			path = keyChainJWTTests;
			sourceTree = "<group>";
		};
		E8CCC04D2895FC1400A86E64 /* keyChainJWTUITests */ = {
			isa = PBXGroup;
			children = (
				E8CCC04E2895FC1400A86E64 /* keyChainJWTUITests.swift */,
				E8CCC0502895FC1400A86E64 /* keyChainJWTUITestsLaunchTests.swift */,
			);
			path = keyChainJWTUITests;
			sourceTree = "<group>";
		};
/* End PBXGroup section */

/* Begin PBXNativeTarget section */
		E8CCC0292895FC1100A86E64 /* keyChainJWT */ = {
			isa = PBXNativeTarget;
			buildConfigurationList = E8CCC0542895FC1400A86E64 /* Build configuration list for PBXNativeTarget "keyChainJWT" */;
			buildPhases = (
				E8CCC0262895FC1100A86E64 /* Sources */,
				E8CCC0272895FC1100A86E64 /* Frameworks */,
				E8CCC0282895FC1100A86E64 /* Resources */,
			);
			buildRules = (
			);
			dependencies = (
			);
			name = keyChainJWT;
			productName = keyChainJWT;
			productReference = E8CCC02A2895FC1100A86E64 /* keyChainJWT.app */;
			productType = "com.apple.product-type.application";
		};
		E8CCC03F2895FC1400A86E64 /* keyChainJWTTests */ = {
			isa = PBXNativeTarget;
			buildConfigurationList = E8CCC0572895FC1400A86E64 /* Build configuration list for PBXNativeTarget "keyChainJWTTests" */;
			buildPhases = (
				E8CCC03C2895FC1400A86E64 /* Sources */,
				E8CCC03D2895FC1400A86E64 /* Frameworks */,
				E8CCC03E2895FC1400A86E64 /* Resources */,
			);
			buildRules = (
			);
			dependencies = (
				E8CCC0422895FC1400A86E64 /* PBXTargetDependency */,
			);
			name = keyChainJWTTests;
			productName = keyChainJWTTests;
			productReference = E8CCC0402895FC1400A86E64 /* keyChainJWTTests.xctest */;
			productType = "com.apple.product-type.bundle.unit-test";
		};
		E8CCC0492895FC1400A86E64 /* keyChainJWTUITests */ = {
			isa = PBXNativeTarget;
			buildConfigurationList = E8CCC05A2895FC1400A86E64 /* Build configuration list for PBXNativeTarget "keyChainJWTUITests" */;
			buildPhases = (
				E8CCC0462895FC1400A86E64 /* Sources */,
				E8CCC0472895FC1400A86E64 /* Frameworks */,
				E8CCC0482895FC1400A86E64 /* Resources */,
			);
			buildRules = (
			);
			dependencies = (
				E8CCC04C2895FC1400A86E64 /* PBXTargetDependency */,
			);
			name = keyChainJWTUITests;
			productName = keyChainJWTUITests;
			productReference = E8CCC04A2895FC1400A86E64 /* keyChainJWTUITests.xctest */;
			productType = "com.apple.product-type.bundle.ui-testing";
		};
/* End PBXNativeTarget section */

/* Begin PBXProject section */
		E8CCC0222895FC1100A86E64 /* Project object */ = {
			isa = PBXProject;
			attributes = {
				BuildIndependentTargetsInParallel = 1;
				LastSwiftUpdateCheck = 1340;
				LastUpgradeCheck = 1340;
				TargetAttributes = {
					E8CCC0292895FC1100A86E64 = {
						CreatedOnToolsVersion = 13.4.1;
					};
					E8CCC03F2895FC1400A86E64 = {
						CreatedOnToolsVersion = 13.4.1;
						TestTargetID = E8CCC0292895FC1100A86E64;
					};
					E8CCC0492895FC1400A86E64 = {
						CreatedOnToolsVersion = 13.4.1;
						TestTargetID = E8CCC0292895FC1100A86E64;
					};
				};
			};
			buildConfigurationList = E8CCC0252895FC1100A86E64 /* Build configuration list for PBXProject "keyChainJWT" */;
			compatibilityVersion = "Xcode 13.0";
			developmentRegion = en;
			hasScannedForEncodings = 0;
			knownRegions = (
				en,
				Base,
			);
			mainGroup = E8CCC0212895FC1100A86E64;
			productRefGroup = E8CCC02B2895FC1100A86E64 /* Products */;
			projectDirPath = "";
			projectRoot = "";
			targets = (
				E8CCC0292895FC1100A86E64 /* keyChainJWT */,
				E8CCC03F2895FC1400A86E64 /* keyChainJWTTests */,
				E8CCC0492895FC1400A86E64 /* keyChainJWTUITests */,
			);
		};
/* End PBXProject section */

/* Begin PBXResourcesBuildPhase section */
		E8CCC0282895FC1100A86E64 /* Resources */ = {
			isa = PBXResourcesBuildPhase;
			buildActionMask = 2147483647;
			files = (
				E8CCC03A2895FC1300A86E64 /* LaunchScreen.storyboard in Resources */,
				E8CCC0372895FC1300A86E64 /* Assets.xcassets in Resources */,
				E8CCC0352895FC1100A86E64 /* Main.storyboard in Resources */,
			);
			runOnlyForDeploymentPostprocessing = 0;
		};
		E8CCC03E2895FC1400A86E64 /* Resources */ = {
			isa = PBXResourcesBuildPhase;
			buildActionMask = 2147483647;
			files = (
			);
			runOnlyForDeploymentPostprocessing = 0;
		};
		E8CCC0482895FC1400A86E64 /* Resources */ = {
			isa = PBXResourcesBuildPhase;
			buildActionMask = 2147483647;
			files = (
			);
			runOnlyForDeploymentPostprocessing = 0;
		};
/* End PBXResourcesBuildPhase section */

/* Begin PBXSourcesBuildPhase section */
		E8CCC0262895FC1100A86E64 /* Sources */ = {
			isa = PBXSourcesBuildPhase;
			buildActionMask = 2147483647;
			files = (
				E8CCC0322895FC1100A86E64 /* ViewController.swift in Sources */,
				E8CCC02E2895FC1100A86E64 /* AppDelegate.swift in Sources */,
				E8CCC0302895FC1100A86E64 /* SceneDelegate.swift in Sources */,
			);
			runOnlyForDeploymentPostprocessing = 0;
		};
		E8CCC03C2895FC1400A86E64 /* Sources */ = {
			isa = PBXSourcesBuildPhase;
			buildActionMask = 2147483647;
			files = (
				E8CCC0452895FC1400A86E64 /* keyChainJWTTests.swift in Sources */,
			);
			runOnlyForDeploymentPostprocessing = 0;
		};
		E8CCC0462895FC1400A86E64 /* Sources */ = {
			isa = PBXSourcesBuildPhase;
			buildActionMask = 2147483647;
			files = (
				E8CCC0512895FC1400A86E64 /* keyChainJWTUITestsLaunchTests.swift in Sources */,
				E8CCC04F2895FC1400A86E64 /* keyChainJWTUITests.swift in Sources */,
			);
			runOnlyForDeploymentPostprocessing = 0;
		};
/* End PBXSourcesBuildPhase section */

/* Begin PBXTargetDependency section */
		E8CCC0422895FC1400A86E64 /* PBXTargetDependency */ = {
			isa = PBXTargetDependency;
			target = E8CCC0292895FC1100A86E64 /* keyChainJWT */;
			targetProxy = E8CCC0412895FC1400A86E64 /* PBXContainerItemProxy */;
		};
		E8CCC04C2895FC1400A86E64 /* PBXTargetDependency */ = {
			isa = PBXTargetDependency;
			target = E8CCC0292895FC1100A86E64 /* keyChainJWT */;
			targetProxy = E8CCC04B2895FC1400A86E64 /* PBXContainerItemProxy */;
		};
/* End PBXTargetDependency section */

/* Begin PBXVariantGroup section */
		E8CCC0332895FC1100A86E64 /* Main.storyboard */ = {
			isa = PBXVariantGroup;
			children = (
				E8CCC0342895FC1100A86E64 /* Base */,
			);
			name = Main.storyboard;
			sourceTree = "<group>";
		};
		E8CCC0382895FC1300A86E64 /* LaunchScreen.storyboard */ = {
			isa = PBXVariantGroup;
			children = (
				E8CCC0392895FC1300A86E64 /* Base */,
			);
			name = LaunchScreen.storyboard;
			sourceTree = "<group>";
		};
/* End PBXVariantGroup section */

/* Begin XCBuildConfiguration section */
		E8CCC0522895FC1400A86E64 /* Debug */ = {
			isa = XCBuildConfiguration;
			buildSettings = {
				ALWAYS_SEARCH_USER_PATHS = NO;
				CLANG_ANALYZER_NONNULL = YES;
				CLANG_ANALYZER_NUMBER_OBJECT_CONVERSION = YES_AGGRESSIVE;
				CLANG_CXX_LANGUAGE_STANDARD = "gnu++17";
				CLANG_ENABLE_MODULES = YES;
				CLANG_ENABLE_OBJC_ARC = YES;
				CLANG_ENABLE_OBJC_WEAK = YES;
				CLANG_WARN_BLOCK_CAPTURE_AUTORELEASING = YES;
				CLANG_WARN_BOOL_CONVERSION = YES;
				CLANG_WARN_COMMA = YES;
				CLANG_WARN_CONSTANT_CONVERSION = YES;
				CLANG_WARN_DEPRECATED_OBJC_IMPLEMENTATIONS = YES;
				CLANG_WARN_DIRECT_OBJC_ISA_USAGE = YES_ERROR;
				CLANG_WARN_DOCUMENTATION_COMMENTS = YES;
				CLANG_WARN_EMPTY_BODY = YES;
				CLANG_WARN_ENUM_CONVERSION = YES;
				CLANG_WARN_INFINITE_RECURSION = YES;
				CLANG_WARN_INT_CONVERSION = YES;
				CLANG_WARN_NON_LITERAL_NULL_CONVERSION = YES;
				CLANG_WARN_OBJC_IMPLICIT_RETAIN_SELF = YES;
				CLANG_WARN_OBJC_LITERAL_CONVERSION = YES;
				CLANG_WARN_OBJC_ROOT_CLASS = YES_ERROR;
				CLANG_WARN_QUOTED_INCLUDE_IN_FRAMEWORK_HEADER = YES;
				CLANG_WARN_RANGE_LOOP_ANALYSIS = YES;
				CLANG_WARN_STRICT_PROTOTYPES = YES;
				CLANG_WARN_SUSPICIOUS_MOVE = YES;
				CLANG_WARN_UNGUARDED_AVAILABILITY = YES_AGGRESSIVE;
				CLANG_WARN_UNREACHABLE_CODE = YES;
				CLANG_WARN__DUPLICATE_METHOD_MATCH = YES;
				COPY_PHASE_STRIP = NO;
				DEBUG_INFORMATION_FORMAT = dwarf;
				ENABLE_STRICT_OBJC_MSGSEND = YES;
				ENABLE_TESTABILITY = YES;
				GCC_C_LANGUAGE_STANDARD = gnu11;
				GCC_DYNAMIC_NO_PIC = NO;
				GCC_NO_COMMON_BLOCKS = YES;
				GCC_OPTIMIZATION_LEVEL = 0;
				GCC_PREPROCESSOR_DEFINITIONS = (
					"DEBUG=1",
					"$(inherited)",
				);
				GCC_WARN_64_TO_32_BIT_CONVERSION = YES;
				GCC_WARN_ABOUT_RETURN_TYPE = YES_ERROR;
				GCC_WARN_UNDECLARED_SELECTOR = YES;
				GCC_WARN_UNINITIALIZED_AUTOS = YES_AGGRESSIVE;
				GCC_WARN_UNUSED_FUNCTION = YES;
				GCC_WARN_UNUSED_VARIABLE = YES;
				IPHONEOS_DEPLOYMENT_TARGET = 15.5;
				MTL_ENABLE_DEBUG_INFO = INCLUDE_SOURCE;
				MTL_FAST_MATH = YES;
				ONLY_ACTIVE_ARCH = YES;
				SDKROOT = iphoneos;
				SWIFT_ACTIVE_COMPILATION_CONDITIONS = DEBUG;
				SWIFT_OPTIMIZATION_LEVEL = "-Onone";
			};
			name = Debug;
		};
		E8CCC0532895FC1400A86E64 /* Release */ = {
			isa = XCBuildConfiguration;
			buildSettings = {
				ALWAYS_SEARCH_USER_PATHS = NO;
				CLANG_ANALYZER_NONNULL = YES;
				CLANG_ANALYZER_NUMBER_OBJECT_CONVERSION = YES_AGGRESSIVE;
				CLANG_CXX_LANGUAGE_STANDARD = "gnu++17";
				CLANG_ENABLE_MODULES = YES;
				CLANG_ENABLE_OBJC_ARC = YES;
				CLANG_ENABLE_OBJC_WEAK = YES;
				CLANG_WARN_BLOCK_CAPTURE_AUTORELEASING = YES;
				CLANG_WARN_BOOL_CONVERSION = YES;
				CLANG_WARN_COMMA = YES;
				CLANG_WARN_CONSTANT_CONVERSION = YES;
				CLANG_WARN_DEPRECATED_OBJC_IMPLEMENTATIONS = YES;
				CLANG_WARN_DIRECT_OBJC_ISA_USAGE = YES_ERROR;
				CLANG_WARN_DOCUMENTATION_COMMENTS = YES;
				CLANG_WARN_EMPTY_BODY = YES;
				CLANG_WARN_ENUM_CONVERSION = YES;
				CLANG_WARN_INFINITE_RECURSION = YES;
				CLANG_WARN_INT_CONVERSION = YES;
				CLANG_WARN_NON_LITERAL_NULL_CONVERSION = YES;
				CLANG_WARN_OBJC_IMPLICIT_RETAIN_SELF = YES;
				CLANG_WARN_OBJC_LITERAL_CONVERSION = YES;
				CLANG_WARN_OBJC_ROOT_CLASS = YES_ERROR;
				CLANG_WARN_QUOTED_INCLUDE_IN_FRAMEWORK_HEADER = YES;
				CLANG_WARN_RANGE_LOOP_ANALYSIS = YES;
				CLANG_WARN_STRICT_PROTOTYPES = YES;
				CLANG_WARN_SUSPICIOUS_MOVE = YES;
				CLANG_WARN_UNGUARDED_AVAILABILITY = YES_AGGRESSIVE;
				CLANG_WARN_UNREACHABLE_CODE = YES;
				CLANG_WARN__DUPLICATE_METHOD_MATCH = YES;
				COPY_PHASE_STRIP = NO;
				DEBUG_INFORMATION_FORMAT = "dwarf-with-dsym";
				ENABLE_NS_ASSERTIONS = NO;
				ENABLE_STRICT_OBJC_MSGSEND = YES;
				GCC_C_LANGUAGE_STANDARD = gnu11;
				GCC_NO_COMMON_BLOCKS = YES;
				GCC_WARN_64_TO_32_BIT_CONVERSION = YES;
				GCC_WARN_ABOUT_RETURN_TYPE = YES_ERROR;
				GCC_WARN_UNDECLARED_SELECTOR = YES;
				GCC_WARN_UNINITIALIZED_AUTOS = YES_AGGRESSIVE;
				GCC_WARN_UNUSED_FUNCTION = YES;
				GCC_WARN_UNUSED_VARIABLE = YES;
				IPHONEOS_DEPLOYMENT_TARGET = 15.5;
				MTL_ENABLE_DEBUG_INFO = NO;
				MTL_FAST_MATH = YES;
				SDKROOT = iphoneos;
				SWIFT_COMPILATION_MODE = wholemodule;
				SWIFT_OPTIMIZATION_LEVEL = "-O";
				VALIDATE_PRODUCT = YES;
			};
			name = Release;
		};
		E8CCC0552895FC1400A86E64 /* Debug */ = {
			isa = XCBuildConfiguration;
			buildSettings = {
				ASSETCATALOG_COMPILER_APPICON_NAME = AppIcon;
				ASSETCATALOG_COMPILER_GLOBAL_ACCENT_COLOR_NAME = AccentColor;
				CODE_SIGN_STYLE = Automatic;
				CURRENT_PROJECT_VERSION = 1;
				GENERATE_INFOPLIST_FILE = YES;
				INFOPLIST_FILE = keyChainJWT/Info.plist;
				INFOPLIST_KEY_UIApplicationSupportsIndirectInputEvents = YES;
				INFOPLIST_KEY_UILaunchStoryboardName = LaunchScreen;
				INFOPLIST_KEY_UIMainStoryboardFile = Main;
				INFOPLIST_KEY_UISupportedInterfaceOrientations_iPad = "UIInterfaceOrientationPortrait UIInterfaceOrientationPortraitUpsideDown UIInterfaceOrientationLandscapeLeft UIInterfaceOrientationLandscapeRight";
				INFOPLIST_KEY_UISupportedInterfaceOrientations_iPhone = "UIInterfaceOrientationPortrait UIInterfaceOrientationLandscapeLeft UIInterfaceOrientationLandscapeRight";
				LD_RUNPATH_SEARCH_PATHS = (
					"$(inherited)",
					"@executable_path/Frameworks",
				);
				MARKETING_VERSION = 1.0;
				PRODUCT_BUNDLE_IDENTIFIER = com.david.keyChainJWT;
				PRODUCT_NAME = "$(TARGET_NAME)";
				SWIFT_EMIT_LOC_STRINGS = YES;
				SWIFT_VERSION = 5.0;
				TARGETED_DEVICE_FAMILY = "1,2";
			};
			name = Debug;
		};
		E8CCC0562895FC1400A86E64 /* Release */ = {
			isa = XCBuildConfiguration;
			buildSettings = {
				ASSETCATALOG_COMPILER_APPICON_NAME = AppIcon;
				ASSETCATALOG_COMPILER_GLOBAL_ACCENT_COLOR_NAME = AccentColor;
				CODE_SIGN_STYLE = Automatic;
				CURRENT_PROJECT_VERSION = 1;
				GENERATE_INFOPLIST_FILE = YES;
				INFOPLIST_FILE = keyChainJWT/Info.plist;
				INFOPLIST_KEY_UIApplicationSupportsIndirectInputEvents = YES;
				INFOPLIST_KEY_UILaunchStoryboardName = LaunchScreen;
				INFOPLIST_KEY_UIMainStoryboardFile = Main;
				INFOPLIST_KEY_UISupportedInterfaceOrientations_iPad = "UIInterfaceOrientationPortrait UIInterfaceOrientationPortraitUpsideDown UIInterfaceOrientationLandscapeLeft UIInterfaceOrientationLandscapeRight";
				INFOPLIST_KEY_UISupportedInterfaceOrientations_iPhone = "UIInterfaceOrientationPortrait UIInterfaceOrientationLandscapeLeft UIInterfaceOrientationLandscapeRight";
				LD_RUNPATH_SEARCH_PATHS = (
					"$(inherited)",
					"@executable_path/Frameworks",
				);
				MARKETING_VERSION = 1.0;
				PRODUCT_BUNDLE_IDENTIFIER = com.david.keyChainJWT;
				PRODUCT_NAME = "$(TARGET_NAME)";
				SWIFT_EMIT_LOC_STRINGS = YES;
				SWIFT_VERSION = 5.0;
				TARGETED_DEVICE_FAMILY = "1,2";
			};
			name = Release;
		};
		E8CCC0582895FC1400A86E64 /* Debug */ = {
			isa = XCBuildConfiguration;
			buildSettings = {
				ALWAYS_EMBED_SWIFT_STANDARD_LIBRARIES = YES;
				BUNDLE_LOADER = "$(TEST_HOST)";
				CODE_SIGN_STYLE = Automatic;
				CURRENT_PROJECT_VERSION = 1;
				GENERATE_INFOPLIST_FILE = YES;
				IPHONEOS_DEPLOYMENT_TARGET = 15.5;
				MARKETING_VERSION = 1.0;
				PRODUCT_BUNDLE_IDENTIFIER = com.david.keyChainJWTTests;
				PRODUCT_NAME = "$(TARGET_NAME)";
				SWIFT_EMIT_LOC_STRINGS = NO;
				SWIFT_VERSION = 5.0;
				TARGETED_DEVICE_FAMILY = "1,2";
				TEST_HOST = "$(BUILT_PRODUCTS_DIR)/keyChainJWT.app/keyChainJWT";
			};
			name = Debug;
		};
		E8CCC0592895FC1400A86E64 /* Release */ = {
			isa = XCBuildConfiguration;
			buildSettings = {
				ALWAYS_EMBED_SWIFT_STANDARD_LIBRARIES = YES;
				BUNDLE_LOADER = "$(TEST_HOST)";
				CODE_SIGN_STYLE = Automatic;
				CURRENT_PROJECT_VERSION = 1;
				GENERATE_INFOPLIST_FILE = YES;
				IPHONEOS_DEPLOYMENT_TARGET = 15.5;
				MARKETING_VERSION = 1.0;
				PRODUCT_BUNDLE_IDENTIFIER = com.david.keyChainJWTTests;
				PRODUCT_NAME = "$(TARGET_NAME)";
				SWIFT_EMIT_LOC_STRINGS = NO;
				SWIFT_VERSION = 5.0;
				TARGETED_DEVICE_FAMILY = "1,2";
				TEST_HOST = "$(BUILT_PRODUCTS_DIR)/keyChainJWT.app/keyChainJWT";
			};
			name = Release;
		};
		E8CCC05B2895FC1400A86E64 /* Debug */ = {
			isa = XCBuildConfiguration;
			buildSettings = {
				ALWAYS_EMBED_SWIFT_STANDARD_LIBRARIES = YES;
				CODE_SIGN_STYLE = Automatic;
				CURRENT_PROJECT_VERSION = 1;
				GENERATE_INFOPLIST_FILE = YES;
				MARKETING_VERSION = 1.0;
				PRODUCT_BUNDLE_IDENTIFIER = com.david.keyChainJWTUITests;
				PRODUCT_NAME = "$(TARGET_NAME)";
				SWIFT_EMIT_LOC_STRINGS = NO;
				SWIFT_VERSION = 5.0;
				TARGETED_DEVICE_FAMILY = "1,2";
				TEST_TARGET_NAME = keyChainJWT;
			};
			name = Debug;
		};
		E8CCC05C2895FC1400A86E64 /* Release */ = {
			isa = XCBuildConfiguration;
			buildSettings = {
				ALWAYS_EMBED_SWIFT_STANDARD_LIBRARIES = YES;
				CODE_SIGN_STYLE = Automatic;
				CURRENT_PROJECT_VERSION = 1;
				GENERATE_INFOPLIST_FILE = YES;
				MARKETING_VERSION = 1.0;
				PRODUCT_BUNDLE_IDENTIFIER = com.david.keyChainJWTUITests;
				PRODUCT_NAME = "$(TARGET_NAME)";
				SWIFT_EMIT_LOC_STRINGS = NO;
				SWIFT_VERSION = 5.0;
				TARGETED_DEVICE_FAMILY = "1,2";
				TEST_TARGET_NAME = keyChainJWT;
			};
			name = Release;
		};
/* End XCBuildConfiguration section */

/* Begin XCConfigurationList section */
		E8CCC0252895FC1100A86E64 /* Build configuration list for PBXProject "keyChainJWT" */ = {
			isa = XCConfigurationList;
			buildConfigurations = (
				E8CCC0522895FC1400A86E64 /* Debug */,
				E8CCC0532895FC1400A86E64 /* Release */,
			);
			defaultConfigurationIsVisible = 0;
			defaultConfigurationName = Release;
		};
		E8CCC0542895FC1400A86E64 /* Build configuration list for PBXNativeTarget "keyChainJWT" */ = {
			isa = XCConfigurationList;
			buildConfigurations = (
				E8CCC0552895FC1400A86E64 /* Debug */,
				E8CCC0562895FC1400A86E64 /* Release */,
			);
			defaultConfigurationIsVisible = 0;
			defaultConfigurationName = Release;
		};
		E8CCC0572895FC1400A86E64 /* Build configuration list for PBXNativeTarget "keyChainJWTTests" */ = {
			isa = XCConfigurationList;
			buildConfigurations = (
				E8CCC0582895FC1400A86E64 /* Debug */,
				E8CCC0592895FC1400A86E64 /* Release */,
			);
			defaultConfigurationIsVisible = 0;
			defaultConfigurationName = Release;
		};
		E8CCC05A2895FC1400A86E64 /* Build configuration list for PBXNativeTarget "keyChainJWTUITests" */ = {
			isa = XCConfigurationList;
			buildConfigurations = (
				E8CCC05B2895FC1400A86E64 /* Debug */,
				E8CCC05C2895FC1400A86E64 /* Release */,
			);
			defaultConfigurationIsVisible = 0;
			defaultConfigurationName = Release;
		};
/* End XCConfigurationList section */
	};
	rootObject = E8CCC0222895FC1100A86E64 /* Project object */;
}
