// !$*UTF8*$!
{
	archiveVersion = 1;
	classes = {
	};
	objectVersion = 55;
	objects = {

/* Begin PBXBuildFile section */
		634CFE2929B56C730017BF81 /* SimpleViewController.swift in Sources */ = {isa = PBXBuildFile; fileRef = 634CFE2829B56C730017BF81 /* SimpleViewController.swift */; };
		63FBCCEA29EB71EC007E3C71 /* GroupResponseModel.swift in Sources */ = {isa = PBXBuildFile; fileRef = 63FBCCE929EB71EC007E3C71 /* GroupResponseModel.swift */; };
		63FBCCEC29EB71F5007E3C71 /* NewGroupModel.swift in Sources */ = {isa = PBXBuildFile; fileRef = 63FBCCEB29EB71F5007E3C71 /* NewGroupModel.swift */; };
		E80330E22904B52F007D1448 /* VerifyResponseModel.swift in Sources */ = {isa = PBXBuildFile; fileRef = E80330E12904B52F007D1448 /* VerifyResponseModel.swift */; };
		E8254551288A1C9800C5923E /* AppDelegate.swift in Sources */ = {isa = PBXBuildFile; fileRef = E8254550288A1C9800C5923E /* AppDelegate.swift */; };
		E8254553288A1C9800C5923E /* SceneDelegate.swift in Sources */ = {isa = PBXBuildFile; fileRef = E8254552288A1C9800C5923E /* SceneDelegate.swift */; };
		E8254555288A1C9800C5923E /* ViewController.swift in Sources */ = {isa = PBXBuildFile; fileRef = E8254554288A1C9800C5923E /* ViewController.swift */; };
		E8254558288A1C9800C5923E /* Main.storyboard in Resources */ = {isa = PBXBuildFile; fileRef = E8254556288A1C9800C5923E /* Main.storyboard */; };
		E825455A288A1C9900C5923E /* Assets.xcassets in Resources */ = {isa = PBXBuildFile; fileRef = E8254559288A1C9900C5923E /* Assets.xcassets */; };
		E825455D288A1C9900C5923E /* LaunchScreen.storyboard in Resources */ = {isa = PBXBuildFile; fileRef = E825455B288A1C9900C5923E /* LaunchScreen.storyboard */; };
		E8254568288A1C9A00C5923E /* myAPITests.swift in Sources */ = {isa = PBXBuildFile; fileRef = E8254567288A1C9A00C5923E /* myAPITests.swift */; };
		E8254572288A1C9A00C5923E /* myAPIUITests.swift in Sources */ = {isa = PBXBuildFile; fileRef = E8254571288A1C9A00C5923E /* myAPIUITests.swift */; };
		E8254574288A1C9A00C5923E /* myAPIUITestsLaunchTests.swift in Sources */ = {isa = PBXBuildFile; fileRef = E8254573288A1C9A00C5923E /* myAPIUITestsLaunchTests.swift */; };
		E8254581288A221300C5923E /* UserModel.swift in Sources */ = {isa = PBXBuildFile; fileRef = E8254580288A221300C5923E /* UserModel.swift */; };
		E82800B9288F663C0006D4C8 /* extraCode.swift in Sources */ = {isa = PBXBuildFile; fileRef = E82800B8288F663C0006D4C8 /* extraCode.swift */; };
		E82800BB288F66B60006D4C8 /* PostResponseModel.swift in Sources */ = {isa = PBXBuildFile; fileRef = E82800BA288F66B60006D4C8 /* PostResponseModel.swift */; };
		E8314A46289B449B00415A92 /* CookieModel.swift in Sources */ = {isa = PBXBuildFile; fileRef = E8314A45289B449B00415A92 /* CookieModel.swift */; };
		E833F957288CC62900FFA29F /* PostModel.swift in Sources */ = {isa = PBXBuildFile; fileRef = E833F956288CC62900FFA29F /* PostModel.swift */; };
		E8484D5A28A5D00F002F8BE8 /* RegisterUserModel.swift in Sources */ = {isa = PBXBuildFile; fileRef = E8484D5928A5D00F002F8BE8 /* RegisterUserModel.swift */; };
		E8AF34B428A7131E003CD2F0 /* LoginResponseModel.swift in Sources */ = {isa = PBXBuildFile; fileRef = E8AF34B328A7131E003CD2F0 /* LoginResponseModel.swift */; };
/* End PBXBuildFile section */

/* Begin PBXContainerItemProxy section */
		E8254564288A1C9A00C5923E /* PBXContainerItemProxy */ = {
			isa = PBXContainerItemProxy;
			containerPortal = E8254545288A1C9800C5923E /* Project object */;
			proxyType = 1;
			remoteGlobalIDString = E825454C288A1C9800C5923E;
			remoteInfo = myAPI;
		};
		E825456E288A1C9A00C5923E /* PBXContainerItemProxy */ = {
			isa = PBXContainerItemProxy;
			containerPortal = E8254545288A1C9800C5923E /* Project object */;
			proxyType = 1;
			remoteGlobalIDString = E825454C288A1C9800C5923E;
			remoteInfo = myAPI;
		};
/* End PBXContainerItemProxy section */

/* Begin PBXFileReference section */
		634CFE2829B56C730017BF81 /* SimpleViewController.swift */ = {isa = PBXFileReference; lastKnownFileType = sourcecode.swift; path = SimpleViewController.swift; sourceTree = "<group>"; };
		63FBCCE929EB71EC007E3C71 /* GroupResponseModel.swift */ = {isa = PBXFileReference; lastKnownFileType = sourcecode.swift; path = GroupResponseModel.swift; sourceTree = "<group>"; };
		63FBCCEB29EB71F5007E3C71 /* NewGroupModel.swift */ = {isa = PBXFileReference; lastKnownFileType = sourcecode.swift; path = NewGroupModel.swift; sourceTree = "<group>"; };
		E80330E12904B52F007D1448 /* VerifyResponseModel.swift */ = {isa = PBXFileReference; lastKnownFileType = sourcecode.swift; path = VerifyResponseModel.swift; sourceTree = "<group>"; };
		E825454D288A1C9800C5923E /* myAPI.app */ = {isa = PBXFileReference; explicitFileType = wrapper.application; includeInIndex = 0; path = myAPI.app; sourceTree = BUILT_PRODUCTS_DIR; };
		E8254550288A1C9800C5923E /* AppDelegate.swift */ = {isa = PBXFileReference; lastKnownFileType = sourcecode.swift; path = AppDelegate.swift; sourceTree = "<group>"; };
		E8254552288A1C9800C5923E /* SceneDelegate.swift */ = {isa = PBXFileReference; lastKnownFileType = sourcecode.swift; path = SceneDelegate.swift; sourceTree = "<group>"; };
		E8254554288A1C9800C5923E /* ViewController.swift */ = {isa = PBXFileReference; lastKnownFileType = sourcecode.swift; path = ViewController.swift; sourceTree = "<group>"; };
		E8254557288A1C9800C5923E /* Base */ = {isa = PBXFileReference; lastKnownFileType = file.storyboard; name = Base; path = Base.lproj/Main.storyboard; sourceTree = "<group>"; };
		E8254559288A1C9900C5923E /* Assets.xcassets */ = {isa = PBXFileReference; lastKnownFileType = folder.assetcatalog; path = Assets.xcassets; sourceTree = "<group>"; };
		E825455C288A1C9900C5923E /* Base */ = {isa = PBXFileReference; lastKnownFileType = file.storyboard; name = Base; path = Base.lproj/LaunchScreen.storyboard; sourceTree = "<group>"; };
		E825455E288A1C9900C5923E /* Info.plist */ = {isa = PBXFileReference; lastKnownFileType = text.plist.xml; path = Info.plist; sourceTree = "<group>"; };
		E8254563288A1C9A00C5923E /* myAPITests.xctest */ = {isa = PBXFileReference; explicitFileType = wrapper.cfbundle; includeInIndex = 0; path = myAPITests.xctest; sourceTree = BUILT_PRODUCTS_DIR; };
		E8254567288A1C9A00C5923E /* myAPITests.swift */ = {isa = PBXFileReference; lastKnownFileType = sourcecode.swift; path = myAPITests.swift; sourceTree = "<group>"; };
		E825456D288A1C9A00C5923E /* myAPIUITests.xctest */ = {isa = PBXFileReference; explicitFileType = wrapper.cfbundle; includeInIndex = 0; path = myAPIUITests.xctest; sourceTree = BUILT_PRODUCTS_DIR; };
		E8254571288A1C9A00C5923E /* myAPIUITests.swift */ = {isa = PBXFileReference; lastKnownFileType = sourcecode.swift; path = myAPIUITests.swift; sourceTree = "<group>"; };
		E8254573288A1C9A00C5923E /* myAPIUITestsLaunchTests.swift */ = {isa = PBXFileReference; lastKnownFileType = sourcecode.swift; path = myAPIUITestsLaunchTests.swift; sourceTree = "<group>"; };
		E8254580288A221300C5923E /* UserModel.swift */ = {isa = PBXFileReference; lastKnownFileType = sourcecode.swift; path = UserModel.swift; sourceTree = "<group>"; };
		E82800B8288F663C0006D4C8 /* extraCode.swift */ = {isa = PBXFileReference; lastKnownFileType = sourcecode.swift; path = extraCode.swift; sourceTree = "<group>"; };
		E82800BA288F66B60006D4C8 /* PostResponseModel.swift */ = {isa = PBXFileReference; lastKnownFileType = sourcecode.swift; path = PostResponseModel.swift; sourceTree = "<group>"; };
		E8314A45289B449B00415A92 /* CookieModel.swift */ = {isa = PBXFileReference; lastKnownFileType = sourcecode.swift; path = CookieModel.swift; sourceTree = "<group>"; };
		E833F956288CC62900FFA29F /* PostModel.swift */ = {isa = PBXFileReference; lastKnownFileType = sourcecode.swift; path = PostModel.swift; sourceTree = "<group>"; };
		E8484D5928A5D00F002F8BE8 /* RegisterUserModel.swift */ = {isa = PBXFileReference; lastKnownFileType = sourcecode.swift; path = RegisterUserModel.swift; sourceTree = "<group>"; };
		E8AF34B328A7131E003CD2F0 /* LoginResponseModel.swift */ = {isa = PBXFileReference; lastKnownFileType = sourcecode.swift; path = LoginResponseModel.swift; sourceTree = "<group>"; };
/* End PBXFileReference section */

/* Begin PBXFrameworksBuildPhase section */
		E825454A288A1C9800C5923E /* Frameworks */ = {
			isa = PBXFrameworksBuildPhase;
			buildActionMask = 2147483647;
			files = (
			);
			runOnlyForDeploymentPostprocessing = 0;
		};
		E8254560288A1C9A00C5923E /* Frameworks */ = {
			isa = PBXFrameworksBuildPhase;
			buildActionMask = 2147483647;
			files = (
			);
			runOnlyForDeploymentPostprocessing = 0;
		};
		E825456A288A1C9A00C5923E /* Frameworks */ = {
			isa = PBXFrameworksBuildPhase;
			buildActionMask = 2147483647;
			files = (
			);
			runOnlyForDeploymentPostprocessing = 0;
		};
/* End PBXFrameworksBuildPhase section */

/* Begin PBXGroup section */
		63FBCCE629EB7195007E3C71 /* Post Models */ = {
			isa = PBXGroup;
			children = (
				E82800BA288F66B60006D4C8 /* PostResponseModel.swift */,
				E833F956288CC62900FFA29F /* PostModel.swift */,
			);
			path = "Post Models";
			sourceTree = "<group>";
		};
		63FBCCE729EB71A0007E3C71 /* Random */ = {
			isa = PBXGroup;
			children = (
				E8484D5928A5D00F002F8BE8 /* RegisterUserModel.swift */,
				E80330E12904B52F007D1448 /* VerifyResponseModel.swift */,
				E8AF34B328A7131E003CD2F0 /* LoginResponseModel.swift */,
				E8254580288A221300C5923E /* UserModel.swift */,
				E8314A45289B449B00415A92 /* CookieModel.swift */,
			);
			path = Random;
			sourceTree = "<group>";
		};
		63FBCCE829EB71DB007E3C71 /* Group Models */ = {
			isa = PBXGroup;
			children = (
				63FBCCE929EB71EC007E3C71 /* GroupResponseModel.swift */,
				63FBCCEB29EB71F5007E3C71 /* NewGroupModel.swift */,
			);
			path = "Group Models";
			sourceTree = "<group>";
		};
		E8254544288A1C9800C5923E = {
			isa = PBXGroup;
			children = (
				E825454F288A1C9800C5923E /* myAPI */,
				E8254566288A1C9A00C5923E /* myAPITests */,
				E8254570288A1C9A00C5923E /* myAPIUITests */,
				E825454E288A1C9800C5923E /* Products */,
			);
			sourceTree = "<group>";
		};
		E825454E288A1C9800C5923E /* Products */ = {
			isa = PBXGroup;
			children = (
				E825454D288A1C9800C5923E /* myAPI.app */,
				E8254563288A1C9A00C5923E /* myAPITests.xctest */,
				E825456D288A1C9A00C5923E /* myAPIUITests.xctest */,
			);
			name = Products;
			sourceTree = "<group>";
		};
		E825454F288A1C9800C5923E /* myAPI */ = {
			isa = PBXGroup;
			children = (
				E833F958288CC66400FFA29F /* Model */,
				E8254554288A1C9800C5923E /* ViewController.swift */,
				634CFE2829B56C730017BF81 /* SimpleViewController.swift */,
				E8254550288A1C9800C5923E /* AppDelegate.swift */,
				E8254552288A1C9800C5923E /* SceneDelegate.swift */,
				E8254556288A1C9800C5923E /* Main.storyboard */,
				E8254559288A1C9900C5923E /* Assets.xcassets */,
				E825455B288A1C9900C5923E /* LaunchScreen.storyboard */,
				E825455E288A1C9900C5923E /* Info.plist */,
				E82800B8288F663C0006D4C8 /* extraCode.swift */,
			);
			path = myAPI;
			sourceTree = "<group>";
		};
		E8254566288A1C9A00C5923E /* myAPITests */ = {
			isa = PBXGroup;
			children = (
				E8254567288A1C9A00C5923E /* myAPITests.swift */,
			);
			path = myAPITests;
			sourceTree = "<group>";
		};
		E8254570288A1C9A00C5923E /* myAPIUITests */ = {
			isa = PBXGroup;
			children = (
				E8254571288A1C9A00C5923E /* myAPIUITests.swift */,
				E8254573288A1C9A00C5923E /* myAPIUITestsLaunchTests.swift */,
			);
			path = myAPIUITests;
			sourceTree = "<group>";
		};
		E833F958288CC66400FFA29F /* Model */ = {
			isa = PBXGroup;
			children = (
				63FBCCE829EB71DB007E3C71 /* Group Models */,
				63FBCCE629EB7195007E3C71 /* Post Models */,
				63FBCCE729EB71A0007E3C71 /* Random */,
			);
			path = Model;
			sourceTree = "<group>";
		};
/* End PBXGroup section */

/* Begin PBXNativeTarget section */
		E825454C288A1C9800C5923E /* myAPI */ = {
			isa = PBXNativeTarget;
			buildConfigurationList = E8254577288A1C9A00C5923E /* Build configuration list for PBXNativeTarget "myAPI" */;
			buildPhases = (
				E8254549288A1C9800C5923E /* Sources */,
				E825454A288A1C9800C5923E /* Frameworks */,
				E825454B288A1C9800C5923E /* Resources */,
			);
			buildRules = (
			);
			dependencies = (
			);
			name = myAPI;
			productName = myAPI;
			productReference = E825454D288A1C9800C5923E /* myAPI.app */;
			productType = "com.apple.product-type.application";
		};
		E8254562288A1C9A00C5923E /* myAPITests */ = {
			isa = PBXNativeTarget;
			buildConfigurationList = E825457A288A1C9A00C5923E /* Build configuration list for PBXNativeTarget "myAPITests" */;
			buildPhases = (
				E825455F288A1C9A00C5923E /* Sources */,
				E8254560288A1C9A00C5923E /* Frameworks */,
				E8254561288A1C9A00C5923E /* Resources */,
			);
			buildRules = (
			);
			dependencies = (
				E8254565288A1C9A00C5923E /* PBXTargetDependency */,
			);
			name = myAPITests;
			productName = myAPITests;
			productReference = E8254563288A1C9A00C5923E /* myAPITests.xctest */;
			productType = "com.apple.product-type.bundle.unit-test";
		};
		E825456C288A1C9A00C5923E /* myAPIUITests */ = {
			isa = PBXNativeTarget;
			buildConfigurationList = E825457D288A1C9A00C5923E /* Build configuration list for PBXNativeTarget "myAPIUITests" */;
			buildPhases = (
				E8254569288A1C9A00C5923E /* Sources */,
				E825456A288A1C9A00C5923E /* Frameworks */,
				E825456B288A1C9A00C5923E /* Resources */,
			);
			buildRules = (
			);
			dependencies = (
				E825456F288A1C9A00C5923E /* PBXTargetDependency */,
			);
			name = myAPIUITests;
			productName = myAPIUITests;
			productReference = E825456D288A1C9A00C5923E /* myAPIUITests.xctest */;
			productType = "com.apple.product-type.bundle.ui-testing";
		};
/* End PBXNativeTarget section */

/* Begin PBXProject section */
		E8254545288A1C9800C5923E /* Project object */ = {
			isa = PBXProject;
			attributes = {
				BuildIndependentTargetsInParallel = 1;
				LastSwiftUpdateCheck = 1340;
				LastUpgradeCheck = 1340;
				TargetAttributes = {
					E825454C288A1C9800C5923E = {
						CreatedOnToolsVersion = 13.4.1;
					};
					E8254562288A1C9A00C5923E = {
						CreatedOnToolsVersion = 13.4.1;
						TestTargetID = E825454C288A1C9800C5923E;
					};
					E825456C288A1C9A00C5923E = {
						CreatedOnToolsVersion = 13.4.1;
						TestTargetID = E825454C288A1C9800C5923E;
					};
				};
			};
			buildConfigurationList = E8254548288A1C9800C5923E /* Build configuration list for PBXProject "myAPI" */;
			compatibilityVersion = "Xcode 13.0";
			developmentRegion = en;
			hasScannedForEncodings = 0;
			knownRegions = (
				en,
				Base,
			);
			mainGroup = E8254544288A1C9800C5923E;
			productRefGroup = E825454E288A1C9800C5923E /* Products */;
			projectDirPath = "";
			projectRoot = "";
			targets = (
				E825454C288A1C9800C5923E /* myAPI */,
				E8254562288A1C9A00C5923E /* myAPITests */,
				E825456C288A1C9A00C5923E /* myAPIUITests */,
			);
		};
/* End PBXProject section */

/* Begin PBXResourcesBuildPhase section */
		E825454B288A1C9800C5923E /* Resources */ = {
			isa = PBXResourcesBuildPhase;
			buildActionMask = 2147483647;
			files = (
				E825455D288A1C9900C5923E /* LaunchScreen.storyboard in Resources */,
				E825455A288A1C9900C5923E /* Assets.xcassets in Resources */,
				E8254558288A1C9800C5923E /* Main.storyboard in Resources */,
			);
			runOnlyForDeploymentPostprocessing = 0;
		};
		E8254561288A1C9A00C5923E /* Resources */ = {
			isa = PBXResourcesBuildPhase;
			buildActionMask = 2147483647;
			files = (
			);
			runOnlyForDeploymentPostprocessing = 0;
		};
		E825456B288A1C9A00C5923E /* Resources */ = {
			isa = PBXResourcesBuildPhase;
			buildActionMask = 2147483647;
			files = (
			);
			runOnlyForDeploymentPostprocessing = 0;
		};
/* End PBXResourcesBuildPhase section */

/* Begin PBXSourcesBuildPhase section */
		E8254549288A1C9800C5923E /* Sources */ = {
			isa = PBXSourcesBuildPhase;
			buildActionMask = 2147483647;
			files = (
				E8AF34B428A7131E003CD2F0 /* LoginResponseModel.swift in Sources */,
				63FBCCEA29EB71EC007E3C71 /* GroupResponseModel.swift in Sources */,
				E8254555288A1C9800C5923E /* ViewController.swift in Sources */,
				634CFE2929B56C730017BF81 /* SimpleViewController.swift in Sources */,
				E8484D5A28A5D00F002F8BE8 /* RegisterUserModel.swift in Sources */,
				E833F957288CC62900FFA29F /* PostModel.swift in Sources */,
				E8254551288A1C9800C5923E /* AppDelegate.swift in Sources */,
				E8254581288A221300C5923E /* UserModel.swift in Sources */,
				E82800BB288F66B60006D4C8 /* PostResponseModel.swift in Sources */,
				E80330E22904B52F007D1448 /* VerifyResponseModel.swift in Sources */,
				E8254553288A1C9800C5923E /* SceneDelegate.swift in Sources */,
				E82800B9288F663C0006D4C8 /* extraCode.swift in Sources */,
				63FBCCEC29EB71F5007E3C71 /* NewGroupModel.swift in Sources */,
				E8314A46289B449B00415A92 /* CookieModel.swift in Sources */,
			);
			runOnlyForDeploymentPostprocessing = 0;
		};
		E825455F288A1C9A00C5923E /* Sources */ = {
			isa = PBXSourcesBuildPhase;
			buildActionMask = 2147483647;
			files = (
				E8254568288A1C9A00C5923E /* myAPITests.swift in Sources */,
			);
			runOnlyForDeploymentPostprocessing = 0;
		};
		E8254569288A1C9A00C5923E /* Sources */ = {
			isa = PBXSourcesBuildPhase;
			buildActionMask = 2147483647;
			files = (
				E8254572288A1C9A00C5923E /* myAPIUITests.swift in Sources */,
				E8254574288A1C9A00C5923E /* myAPIUITestsLaunchTests.swift in Sources */,
			);
			runOnlyForDeploymentPostprocessing = 0;
		};
/* End PBXSourcesBuildPhase section */

/* Begin PBXTargetDependency section */
		E8254565288A1C9A00C5923E /* PBXTargetDependency */ = {
			isa = PBXTargetDependency;
			target = E825454C288A1C9800C5923E /* myAPI */;
			targetProxy = E8254564288A1C9A00C5923E /* PBXContainerItemProxy */;
		};
		E825456F288A1C9A00C5923E /* PBXTargetDependency */ = {
			isa = PBXTargetDependency;
			target = E825454C288A1C9800C5923E /* myAPI */;
			targetProxy = E825456E288A1C9A00C5923E /* PBXContainerItemProxy */;
		};
/* End PBXTargetDependency section */

/* Begin PBXVariantGroup section */
		E8254556288A1C9800C5923E /* Main.storyboard */ = {
			isa = PBXVariantGroup;
			children = (
				E8254557288A1C9800C5923E /* Base */,
			);
			name = Main.storyboard;
			sourceTree = "<group>";
		};
		E825455B288A1C9900C5923E /* LaunchScreen.storyboard */ = {
			isa = PBXVariantGroup;
			children = (
				E825455C288A1C9900C5923E /* Base */,
			);
			name = LaunchScreen.storyboard;
			sourceTree = "<group>";
		};
/* End PBXVariantGroup section */

/* Begin XCBuildConfiguration section */
		E8254575288A1C9A00C5923E /* Debug */ = {
			isa = XCBuildConfiguration;
			buildSettings = {
				ALWAYS_SEARCH_USER_PATHS = NO;
				CLANG_ANALYZER_NONNULL = YES;
				CLANG_ANALYZER_NUMBER_OBJECT_CONVERSION = YES_AGGRESSIVE;
				CLANG_CXX_LANGUAGE_STANDARD = "gnu++17";
				CLANG_ENABLE_MODULES = YES;
				CLANG_ENABLE_OBJC_ARC = YES;
				CLANG_ENABLE_OBJC_WEAK = YES;
				CLANG_WARN_BLOCK_CAPTURE_AUTORELEASING = YES;
				CLANG_WARN_BOOL_CONVERSION = YES;
				CLANG_WARN_COMMA = YES;
				CLANG_WARN_CONSTANT_CONVERSION = YES;
				CLANG_WARN_DEPRECATED_OBJC_IMPLEMENTATIONS = YES;
				CLANG_WARN_DIRECT_OBJC_ISA_USAGE = YES_ERROR;
				CLANG_WARN_DOCUMENTATION_COMMENTS = YES;
				CLANG_WARN_EMPTY_BODY = YES;
				CLANG_WARN_ENUM_CONVERSION = YES;
				CLANG_WARN_INFINITE_RECURSION = YES;
				CLANG_WARN_INT_CONVERSION = YES;
				CLANG_WARN_NON_LITERAL_NULL_CONVERSION = YES;
				CLANG_WARN_OBJC_IMPLICIT_RETAIN_SELF = YES;
				CLANG_WARN_OBJC_LITERAL_CONVERSION = YES;
				CLANG_WARN_OBJC_ROOT_CLASS = YES_ERROR;
				CLANG_WARN_QUOTED_INCLUDE_IN_FRAMEWORK_HEADER = YES;
				CLANG_WARN_RANGE_LOOP_ANALYSIS = YES;
				CLANG_WARN_STRICT_PROTOTYPES = YES;
				CLANG_WARN_SUSPICIOUS_MOVE = YES;
				CLANG_WARN_UNGUARDED_AVAILABILITY = YES_AGGRESSIVE;
				CLANG_WARN_UNREACHABLE_CODE = YES;
				CLANG_WARN__DUPLICATE_METHOD_MATCH = YES;
				COPY_PHASE_STRIP = NO;
				DEBUG_INFORMATION_FORMAT = dwarf;
				ENABLE_STRICT_OBJC_MSGSEND = YES;
				ENABLE_TESTABILITY = YES;
				GCC_C_LANGUAGE_STANDARD = gnu11;
				GCC_DYNAMIC_NO_PIC = NO;
				GCC_NO_COMMON_BLOCKS = YES;
				GCC_OPTIMIZATION_LEVEL = 0;
				GCC_PREPROCESSOR_DEFINITIONS = (
					"DEBUG=1",
					"$(inherited)",
				);
				GCC_WARN_64_TO_32_BIT_CONVERSION = YES;
				GCC_WARN_ABOUT_RETURN_TYPE = YES_ERROR;
				GCC_WARN_UNDECLARED_SELECTOR = YES;
				GCC_WARN_UNINITIALIZED_AUTOS = YES_AGGRESSIVE;
				GCC_WARN_UNUSED_FUNCTION = YES;
				GCC_WARN_UNUSED_VARIABLE = YES;
				IPHONEOS_DEPLOYMENT_TARGET = 15.5;
				MTL_ENABLE_DEBUG_INFO = INCLUDE_SOURCE;
				MTL_FAST_MATH = YES;
				ONLY_ACTIVE_ARCH = YES;
				SDKROOT = iphoneos;
				SWIFT_ACTIVE_COMPILATION_CONDITIONS = DEBUG;
				SWIFT_OPTIMIZATION_LEVEL = "-Onone";
			};
			name = Debug;
		};
		E8254576288A1C9A00C5923E /* Release */ = {
			isa = XCBuildConfiguration;
			buildSettings = {
				ALWAYS_SEARCH_USER_PATHS = NO;
				CLANG_ANALYZER_NONNULL = YES;
				CLANG_ANALYZER_NUMBER_OBJECT_CONVERSION = YES_AGGRESSIVE;
				CLANG_CXX_LANGUAGE_STANDARD = "gnu++17";
				CLANG_ENABLE_MODULES = YES;
				CLANG_ENABLE_OBJC_ARC = YES;
				CLANG_ENABLE_OBJC_WEAK = YES;
				CLANG_WARN_BLOCK_CAPTURE_AUTORELEASING = YES;
				CLANG_WARN_BOOL_CONVERSION = YES;
				CLANG_WARN_COMMA = YES;
				CLANG_WARN_CONSTANT_CONVERSION = YES;
				CLANG_WARN_DEPRECATED_OBJC_IMPLEMENTATIONS = YES;
				CLANG_WARN_DIRECT_OBJC_ISA_USAGE = YES_ERROR;
				CLANG_WARN_DOCUMENTATION_COMMENTS = YES;
				CLANG_WARN_EMPTY_BODY = YES;
				CLANG_WARN_ENUM_CONVERSION = YES;
				CLANG_WARN_INFINITE_RECURSION = YES;
				CLANG_WARN_INT_CONVERSION = YES;
				CLANG_WARN_NON_LITERAL_NULL_CONVERSION = YES;
				CLANG_WARN_OBJC_IMPLICIT_RETAIN_SELF = YES;
				CLANG_WARN_OBJC_LITERAL_CONVERSION = YES;
				CLANG_WARN_OBJC_ROOT_CLASS = YES_ERROR;
				CLANG_WARN_QUOTED_INCLUDE_IN_FRAMEWORK_HEADER = YES;
				CLANG_WARN_RANGE_LOOP_ANALYSIS = YES;
				CLANG_WARN_STRICT_PROTOTYPES = YES;
				CLANG_WARN_SUSPICIOUS_MOVE = YES;
				CLANG_WARN_UNGUARDED_AVAILABILITY = YES_AGGRESSIVE;
				CLANG_WARN_UNREACHABLE_CODE = YES;
				CLANG_WARN__DUPLICATE_METHOD_MATCH = YES;
				COPY_PHASE_STRIP = NO;
				DEBUG_INFORMATION_FORMAT = "dwarf-with-dsym";
				ENABLE_NS_ASSERTIONS = NO;
				ENABLE_STRICT_OBJC_MSGSEND = YES;
				GCC_C_LANGUAGE_STANDARD = gnu11;
				GCC_NO_COMMON_BLOCKS = YES;
				GCC_WARN_64_TO_32_BIT_CONVERSION = YES;
				GCC_WARN_ABOUT_RETURN_TYPE = YES_ERROR;
				GCC_WARN_UNDECLARED_SELECTOR = YES;
				GCC_WARN_UNINITIALIZED_AUTOS = YES_AGGRESSIVE;
				GCC_WARN_UNUSED_FUNCTION = YES;
				GCC_WARN_UNUSED_VARIABLE = YES;
				IPHONEOS_DEPLOYMENT_TARGET = 15.5;
				MTL_ENABLE_DEBUG_INFO = NO;
				MTL_FAST_MATH = YES;
				SDKROOT = iphoneos;
				SWIFT_COMPILATION_MODE = wholemodule;
				SWIFT_OPTIMIZATION_LEVEL = "-O";
				VALIDATE_PRODUCT = YES;
			};
			name = Release;
		};
		E8254578288A1C9A00C5923E /* Debug */ = {
			isa = XCBuildConfiguration;
			buildSettings = {
				ASSETCATALOG_COMPILER_APPICON_NAME = AppIcon;
				ASSETCATALOG_COMPILER_GLOBAL_ACCENT_COLOR_NAME = AccentColor;
				CODE_SIGN_STYLE = Automatic;
				CURRENT_PROJECT_VERSION = 1;
				GENERATE_INFOPLIST_FILE = YES;
				INFOPLIST_FILE = myAPI/Info.plist;
				INFOPLIST_KEY_UIApplicationSupportsIndirectInputEvents = YES;
				INFOPLIST_KEY_UILaunchStoryboardName = LaunchScreen;
				INFOPLIST_KEY_UIMainStoryboardFile = Main;
				INFOPLIST_KEY_UISupportedInterfaceOrientations_iPad = "UIInterfaceOrientationPortrait UIInterfaceOrientationPortraitUpsideDown UIInterfaceOrientationLandscapeLeft UIInterfaceOrientationLandscapeRight";
				INFOPLIST_KEY_UISupportedInterfaceOrientations_iPhone = "UIInterfaceOrientationPortrait UIInterfaceOrientationLandscapeLeft UIInterfaceOrientationLandscapeRight";
				LD_RUNPATH_SEARCH_PATHS = (
					"$(inherited)",
					"@executable_path/Frameworks",
				);
				MARKETING_VERSION = 1.0;
				PRODUCT_BUNDLE_IDENTIFIER = com.david.myAPI;
				PRODUCT_NAME = "$(TARGET_NAME)";
				SWIFT_EMIT_LOC_STRINGS = YES;
				SWIFT_VERSION = 5.0;
				TARGETED_DEVICE_FAMILY = "1,2";
			};
			name = Debug;
		};
		E8254579288A1C9A00C5923E /* Release */ = {
			isa = XCBuildConfiguration;
			buildSettings = {
				ASSETCATALOG_COMPILER_APPICON_NAME = AppIcon;
				ASSETCATALOG_COMPILER_GLOBAL_ACCENT_COLOR_NAME = AccentColor;
				CODE_SIGN_STYLE = Automatic;
				CURRENT_PROJECT_VERSION = 1;
				GENERATE_INFOPLIST_FILE = YES;
				INFOPLIST_FILE = myAPI/Info.plist;
				INFOPLIST_KEY_UIApplicationSupportsIndirectInputEvents = YES;
				INFOPLIST_KEY_UILaunchStoryboardName = LaunchScreen;
				INFOPLIST_KEY_UIMainStoryboardFile = Main;
				INFOPLIST_KEY_UISupportedInterfaceOrientations_iPad = "UIInterfaceOrientationPortrait UIInterfaceOrientationPortraitUpsideDown UIInterfaceOrientationLandscapeLeft UIInterfaceOrientationLandscapeRight";
				INFOPLIST_KEY_UISupportedInterfaceOrientations_iPhone = "UIInterfaceOrientationPortrait UIInterfaceOrientationLandscapeLeft UIInterfaceOrientationLandscapeRight";
				LD_RUNPATH_SEARCH_PATHS = (
					"$(inherited)",
					"@executable_path/Frameworks",
				);
				MARKETING_VERSION = 1.0;
				PRODUCT_BUNDLE_IDENTIFIER = com.david.myAPI;
				PRODUCT_NAME = "$(TARGET_NAME)";
				SWIFT_EMIT_LOC_STRINGS = YES;
				SWIFT_VERSION = 5.0;
				TARGETED_DEVICE_FAMILY = "1,2";
			};
			name = Release;
		};
		E825457B288A1C9A00C5923E /* Debug */ = {
			isa = XCBuildConfiguration;
			buildSettings = {
				ALWAYS_EMBED_SWIFT_STANDARD_LIBRARIES = YES;
				BUNDLE_LOADER = "$(TEST_HOST)";
				CODE_SIGN_STYLE = Automatic;
				CURRENT_PROJECT_VERSION = 1;
				GENERATE_INFOPLIST_FILE = YES;
				IPHONEOS_DEPLOYMENT_TARGET = 15.5;
				MARKETING_VERSION = 1.0;
				PRODUCT_BUNDLE_IDENTIFIER = com.david.myAPITests;
				PRODUCT_NAME = "$(TARGET_NAME)";
				SWIFT_EMIT_LOC_STRINGS = NO;
				SWIFT_VERSION = 5.0;
				TARGETED_DEVICE_FAMILY = "1,2";
				TEST_HOST = "$(BUILT_PRODUCTS_DIR)/myAPI.app/myAPI";
			};
			name = Debug;
		};
		E825457C288A1C9A00C5923E /* Release */ = {
			isa = XCBuildConfiguration;
			buildSettings = {
				ALWAYS_EMBED_SWIFT_STANDARD_LIBRARIES = YES;
				BUNDLE_LOADER = "$(TEST_HOST)";
				CODE_SIGN_STYLE = Automatic;
				CURRENT_PROJECT_VERSION = 1;
				GENERATE_INFOPLIST_FILE = YES;
				IPHONEOS_DEPLOYMENT_TARGET = 15.5;
				MARKETING_VERSION = 1.0;
				PRODUCT_BUNDLE_IDENTIFIER = com.david.myAPITests;
				PRODUCT_NAME = "$(TARGET_NAME)";
				SWIFT_EMIT_LOC_STRINGS = NO;
				SWIFT_VERSION = 5.0;
				TARGETED_DEVICE_FAMILY = "1,2";
				TEST_HOST = "$(BUILT_PRODUCTS_DIR)/myAPI.app/myAPI";
			};
			name = Release;
		};
		E825457E288A1C9A00C5923E /* Debug */ = {
			isa = XCBuildConfiguration;
			buildSettings = {
				ALWAYS_EMBED_SWIFT_STANDARD_LIBRARIES = YES;
				CODE_SIGN_STYLE = Automatic;
				CURRENT_PROJECT_VERSION = 1;
				GENERATE_INFOPLIST_FILE = YES;
				MARKETING_VERSION = 1.0;
				PRODUCT_BUNDLE_IDENTIFIER = com.david.myAPIUITests;
				PRODUCT_NAME = "$(TARGET_NAME)";
				SWIFT_EMIT_LOC_STRINGS = NO;
				SWIFT_VERSION = 5.0;
				TARGETED_DEVICE_FAMILY = "1,2";
				TEST_TARGET_NAME = myAPI;
			};
			name = Debug;
		};
		E825457F288A1C9A00C5923E /* Release */ = {
			isa = XCBuildConfiguration;
			buildSettings = {
				ALWAYS_EMBED_SWIFT_STANDARD_LIBRARIES = YES;
				CODE_SIGN_STYLE = Automatic;
				CURRENT_PROJECT_VERSION = 1;
				GENERATE_INFOPLIST_FILE = YES;
				MARKETING_VERSION = 1.0;
				PRODUCT_BUNDLE_IDENTIFIER = com.david.myAPIUITests;
				PRODUCT_NAME = "$(TARGET_NAME)";
				SWIFT_EMIT_LOC_STRINGS = NO;
				SWIFT_VERSION = 5.0;
				TARGETED_DEVICE_FAMILY = "1,2";
				TEST_TARGET_NAME = myAPI;
			};
			name = Release;
		};
/* End XCBuildConfiguration section */

/* Begin XCConfigurationList section */
		E8254548288A1C9800C5923E /* Build configuration list for PBXProject "myAPI" */ = {
			isa = XCConfigurationList;
			buildConfigurations = (
				E8254575288A1C9A00C5923E /* Debug */,
				E8254576288A1C9A00C5923E /* Release */,
			);
			defaultConfigurationIsVisible = 0;
			defaultConfigurationName = Release;
		};
		E8254577288A1C9A00C5923E /* Build configuration list for PBXNativeTarget "myAPI" */ = {
			isa = XCConfigurationList;
			buildConfigurations = (
				E8254578288A1C9A00C5923E /* Debug */,
				E8254579288A1C9A00C5923E /* Release */,
			);
			defaultConfigurationIsVisible = 0;
			defaultConfigurationName = Release;
		};
		E825457A288A1C9A00C5923E /* Build configuration list for PBXNativeTarget "myAPITests" */ = {
			isa = XCConfigurationList;
			buildConfigurations = (
				E825457B288A1C9A00C5923E /* Debug */,
				E825457C288A1C9A00C5923E /* Release */,
			);
			defaultConfigurationIsVisible = 0;
			defaultConfigurationName = Release;
		};
		E825457D288A1C9A00C5923E /* Build configuration list for PBXNativeTarget "myAPIUITests" */ = {
			isa = XCConfigurationList;
			buildConfigurations = (
				E825457E288A1C9A00C5923E /* Debug */,
				E825457F288A1C9A00C5923E /* Release */,
			);
			defaultConfigurationIsVisible = 0;
			defaultConfigurationName = Release;
		};
/* End XCConfigurationList section */
	};
	rootObject = E8254545288A1C9800C5923E /* Project object */;
}
