// !$*UTF8*$!
{
	archiveVersion = 1;
	classes = {
	};
	objectVersion = 56;
	objects = {

/* Begin PBXBuildFile section */
		511134382C3B2FC9002E6214 /* UserClass.swift in Sources */ = {isa = PBXBuildFile; fileRef = 511134372C3B2FC9002E6214 /* UserClass.swift */; };
		51982F392C39E602008A83AA /* AppDelegate.swift in Sources */ = {isa = PBXBuildFile; fileRef = 51982F382C39E602008A83AA /* AppDelegate.swift */; };
		51982F3B2C39E602008A83AA /* SceneDelegate.swift in Sources */ = {isa = PBXBuildFile; fileRef = 51982F3A2C39E602008A83AA /* SceneDelegate.swift */; };
		51982F3D2C39E602008A83AA /* ViewController.swift in Sources */ = {isa = PBXBuildFile; fileRef = 51982F3C2C39E602008A83AA /* ViewController.swift */; };
		51982F402C39E602008A83AA /* Main.storyboard in Resources */ = {isa = PBXBuildFile; fileRef = 51982F3E2C39E602008A83AA /* Main.storyboard */; };
		51982F422C39E603008A83AA /* Assets.xcassets in Resources */ = {isa = PBXBuildFile; fileRef = 51982F412C39E603008A83AA /* Assets.xcassets */; };
		51982F452C39E603008A83AA /* LaunchScreen.storyboard in Resources */ = {isa = PBXBuildFile; fileRef = 51982F432C39E603008A83AA /* LaunchScreen.storyboard */; };
		51982F502C39E603008A83AA /* learnAsyncAwaitTests.swift in Sources */ = {isa = PBXBuildFile; fileRef = 51982F4F2C39E603008A83AA /* learnAsyncAwaitTests.swift */; };
		51982F5A2C39E603008A83AA /* learnAsyncAwaitUITests.swift in Sources */ = {isa = PBXBuildFile; fileRef = 51982F592C39E603008A83AA /* learnAsyncAwaitUITests.swift */; };
		51982F5C2C39E603008A83AA /* learnAsyncAwaitUITestsLaunchTests.swift in Sources */ = {isa = PBXBuildFile; fileRef = 51982F5B2C39E603008A83AA /* learnAsyncAwaitUITestsLaunchTests.swift */; };
		51982F692C39E618008A83AA /* User.swift in Sources */ = {isa = PBXBuildFile; fileRef = 51982F682C39E618008A83AA /* User.swift */; };
/* End PBXBuildFile section */

/* Begin PBXContainerItemProxy section */
		51982F4C2C39E603008A83AA /* PBXContainerItemProxy */ = {
			isa = PBXContainerItemProxy;
			containerPortal = 51982F2D2C39E602008A83AA /* Project object */;
			proxyType = 1;
			remoteGlobalIDString = 51982F342C39E602008A83AA;
			remoteInfo = learnAsyncAwait;
		};
		51982F562C39E603008A83AA /* PBXContainerItemProxy */ = {
			isa = PBXContainerItemProxy;
			containerPortal = 51982F2D2C39E602008A83AA /* Project object */;
			proxyType = 1;
			remoteGlobalIDString = 51982F342C39E602008A83AA;
			remoteInfo = learnAsyncAwait;
		};
/* End PBXContainerItemProxy section */

/* Begin PBXFileReference section */
		511134372C3B2FC9002E6214 /* UserClass.swift */ = {isa = PBXFileReference; lastKnownFileType = sourcecode.swift; path = UserClass.swift; sourceTree = "<group>"; };
		51982F352C39E602008A83AA /* learnAsyncAwait.app */ = {isa = PBXFileReference; explicitFileType = wrapper.application; includeInIndex = 0; path = learnAsyncAwait.app; sourceTree = BUILT_PRODUCTS_DIR; };
		51982F382C39E602008A83AA /* AppDelegate.swift */ = {isa = PBXFileReference; lastKnownFileType = sourcecode.swift; path = AppDelegate.swift; sourceTree = "<group>"; };
		51982F3A2C39E602008A83AA /* SceneDelegate.swift */ = {isa = PBXFileReference; lastKnownFileType = sourcecode.swift; path = SceneDelegate.swift; sourceTree = "<group>"; };
		51982F3C2C39E602008A83AA /* ViewController.swift */ = {isa = PBXFileReference; lastKnownFileType = sourcecode.swift; path = ViewController.swift; sourceTree = "<group>"; };
		51982F3F2C39E602008A83AA /* Base */ = {isa = PBXFileReference; lastKnownFileType = file.storyboard; name = Base; path = Base.lproj/Main.storyboard; sourceTree = "<group>"; };
		51982F412C39E603008A83AA /* Assets.xcassets */ = {isa = PBXFileReference; lastKnownFileType = folder.assetcatalog; path = Assets.xcassets; sourceTree = "<group>"; };
		51982F442C39E603008A83AA /* Base */ = {isa = PBXFileReference; lastKnownFileType = file.storyboard; name = Base; path = Base.lproj/LaunchScreen.storyboard; sourceTree = "<group>"; };
		51982F462C39E603008A83AA /* Info.plist */ = {isa = PBXFileReference; lastKnownFileType = text.plist.xml; path = Info.plist; sourceTree = "<group>"; };
		51982F4B2C39E603008A83AA /* learnAsyncAwaitTests.xctest */ = {isa = PBXFileReference; explicitFileType = wrapper.cfbundle; includeInIndex = 0; path = learnAsyncAwaitTests.xctest; sourceTree = BUILT_PRODUCTS_DIR; };
		51982F4F2C39E603008A83AA /* learnAsyncAwaitTests.swift */ = {isa = PBXFileReference; lastKnownFileType = sourcecode.swift; path = learnAsyncAwaitTests.swift; sourceTree = "<group>"; };
		51982F552C39E603008A83AA /* learnAsyncAwaitUITests.xctest */ = {isa = PBXFileReference; explicitFileType = wrapper.cfbundle; includeInIndex = 0; path = learnAsyncAwaitUITests.xctest; sourceTree = BUILT_PRODUCTS_DIR; };
		51982F592C39E603008A83AA /* learnAsyncAwaitUITests.swift */ = {isa = PBXFileReference; lastKnownFileType = sourcecode.swift; path = learnAsyncAwaitUITests.swift; sourceTree = "<group>"; };
		51982F5B2C39E603008A83AA /* learnAsyncAwaitUITestsLaunchTests.swift */ = {isa = PBXFileReference; lastKnownFileType = sourcecode.swift; path = learnAsyncAwaitUITestsLaunchTests.swift; sourceTree = "<group>"; };
		51982F682C39E618008A83AA /* User.swift */ = {isa = PBXFileReference; lastKnownFileType = sourcecode.swift; path = User.swift; sourceTree = "<group>"; };
/* End PBXFileReference section */

/* Begin PBXFrameworksBuildPhase section */
		51982F322C39E602008A83AA /* Frameworks */ = {
			isa = PBXFrameworksBuildPhase;
			buildActionMask = 2147483647;
			files = (
			);
			runOnlyForDeploymentPostprocessing = 0;
		};
		51982F482C39E603008A83AA /* Frameworks */ = {
			isa = PBXFrameworksBuildPhase;
			buildActionMask = 2147483647;
			files = (
			);
			runOnlyForDeploymentPostprocessing = 0;
		};
		51982F522C39E603008A83AA /* Frameworks */ = {
			isa = PBXFrameworksBuildPhase;
			buildActionMask = 2147483647;
			files = (
			);
			runOnlyForDeploymentPostprocessing = 0;
		};
/* End PBXFrameworksBuildPhase section */

/* Begin PBXGroup section */
		51982F2C2C39E602008A83AA = {
			isa = PBXGroup;
			children = (
				51982F372C39E602008A83AA /* learnAsyncAwait */,
				51982F4E2C39E603008A83AA /* learnAsyncAwaitTests */,
				51982F582C39E603008A83AA /* learnAsyncAwaitUITests */,
				51982F362C39E602008A83AA /* Products */,
			);
			sourceTree = "<group>";
		};
		51982F362C39E602008A83AA /* Products */ = {
			isa = PBXGroup;
			children = (
				51982F352C39E602008A83AA /* learnAsyncAwait.app */,
				51982F4B2C39E603008A83AA /* learnAsyncAwaitTests.xctest */,
				51982F552C39E603008A83AA /* learnAsyncAwaitUITests.xctest */,
			);
			name = Products;
			sourceTree = "<group>";
		};
		51982F372C39E602008A83AA /* learnAsyncAwait */ = {
			isa = PBXGroup;
			children = (
				51982F382C39E602008A83AA /* AppDelegate.swift */,
				51982F3A2C39E602008A83AA /* SceneDelegate.swift */,
				51982F3C2C39E602008A83AA /* ViewController.swift */,
				511134372C3B2FC9002E6214 /* UserClass.swift */,
				51982F682C39E618008A83AA /* User.swift */,
				51982F3E2C39E602008A83AA /* Main.storyboard */,
				51982F412C39E603008A83AA /* Assets.xcassets */,
				51982F432C39E603008A83AA /* LaunchScreen.storyboard */,
				51982F462C39E603008A83AA /* Info.plist */,
			);
			path = learnAsyncAwait;
			sourceTree = "<group>";
		};
		51982F4E2C39E603008A83AA /* learnAsyncAwaitTests */ = {
			isa = PBXGroup;
			children = (
				51982F4F2C39E603008A83AA /* learnAsyncAwaitTests.swift */,
			);
			path = learnAsyncAwaitTests;
			sourceTree = "<group>";
		};
		51982F582C39E603008A83AA /* learnAsyncAwaitUITests */ = {
			isa = PBXGroup;
			children = (
				51982F592C39E603008A83AA /* learnAsyncAwaitUITests.swift */,
				51982F5B2C39E603008A83AA /* learnAsyncAwaitUITestsLaunchTests.swift */,
			);
			path = learnAsyncAwaitUITests;
			sourceTree = "<group>";
		};
/* End PBXGroup section */

/* Begin PBXNativeTarget section */
		51982F342C39E602008A83AA /* learnAsyncAwait */ = {
			isa = PBXNativeTarget;
			buildConfigurationList = 51982F5F2C39E603008A83AA /* Build configuration list for PBXNativeTarget "learnAsyncAwait" */;
			buildPhases = (
				51982F312C39E602008A83AA /* Sources */,
				51982F322C39E602008A83AA /* Frameworks */,
				51982F332C39E602008A83AA /* Resources */,
			);
			buildRules = (
			);
			dependencies = (
			);
			name = learnAsyncAwait;
			productName = learnAsyncAwait;
			productReference = 51982F352C39E602008A83AA /* learnAsyncAwait.app */;
			productType = "com.apple.product-type.application";
		};
		51982F4A2C39E603008A83AA /* learnAsyncAwaitTests */ = {
			isa = PBXNativeTarget;
			buildConfigurationList = 51982F622C39E603008A83AA /* Build configuration list for PBXNativeTarget "learnAsyncAwaitTests" */;
			buildPhases = (
				51982F472C39E603008A83AA /* Sources */,
				51982F482C39E603008A83AA /* Frameworks */,
				51982F492C39E603008A83AA /* Resources */,
			);
			buildRules = (
			);
			dependencies = (
				51982F4D2C39E603008A83AA /* PBXTargetDependency */,
			);
			name = learnAsyncAwaitTests;
			productName = learnAsyncAwaitTests;
			productReference = 51982F4B2C39E603008A83AA /* learnAsyncAwaitTests.xctest */;
			productType = "com.apple.product-type.bundle.unit-test";
		};
		51982F542C39E603008A83AA /* learnAsyncAwaitUITests */ = {
			isa = PBXNativeTarget;
			buildConfigurationList = 51982F652C39E603008A83AA /* Build configuration list for PBXNativeTarget "learnAsyncAwaitUITests" */;
			buildPhases = (
				51982F512C39E603008A83AA /* Sources */,
				51982F522C39E603008A83AA /* Frameworks */,
				51982F532C39E603008A83AA /* Resources */,
			);
			buildRules = (
			);
			dependencies = (
				51982F572C39E603008A83AA /* PBXTargetDependency */,
			);
			name = learnAsyncAwaitUITests;
			productName = learnAsyncAwaitUITests;
			productReference = 51982F552C39E603008A83AA /* learnAsyncAwaitUITests.xctest */;
			productType = "com.apple.product-type.bundle.ui-testing";
		};
/* End PBXNativeTarget section */

/* Begin PBXProject section */
		51982F2D2C39E602008A83AA /* Project object */ = {
			isa = PBXProject;
			attributes = {
				BuildIndependentTargetsInParallel = 1;
				LastSwiftUpdateCheck = 1430;
				LastUpgradeCheck = 1430;
				TargetAttributes = {
					51982F342C39E602008A83AA = {
						CreatedOnToolsVersion = 14.3.1;
					};
					51982F4A2C39E603008A83AA = {
						CreatedOnToolsVersion = 14.3.1;
						TestTargetID = 51982F342C39E602008A83AA;
					};
					51982F542C39E603008A83AA = {
						CreatedOnToolsVersion = 14.3.1;
						TestTargetID = 51982F342C39E602008A83AA;
					};
				};
			};
			buildConfigurationList = 51982F302C39E602008A83AA /* Build configuration list for PBXProject "learnAsyncAwait" */;
			compatibilityVersion = "Xcode 14.0";
			developmentRegion = en;
			hasScannedForEncodings = 0;
			knownRegions = (
				en,
				Base,
			);
			mainGroup = 51982F2C2C39E602008A83AA;
			productRefGroup = 51982F362C39E602008A83AA /* Products */;
			projectDirPath = "";
			projectRoot = "";
			targets = (
				51982F342C39E602008A83AA /* learnAsyncAwait */,
				51982F4A2C39E603008A83AA /* learnAsyncAwaitTests */,
				51982F542C39E603008A83AA /* learnAsyncAwaitUITests */,
			);
		};
/* End PBXProject section */

/* Begin PBXResourcesBuildPhase section */
		51982F332C39E602008A83AA /* Resources */ = {
			isa = PBXResourcesBuildPhase;
			buildActionMask = 2147483647;
			files = (
				51982F452C39E603008A83AA /* LaunchScreen.storyboard in Resources */,
				51982F422C39E603008A83AA /* Assets.xcassets in Resources */,
				51982F402C39E602008A83AA /* Main.storyboard in Resources */,
			);
			runOnlyForDeploymentPostprocessing = 0;
		};
		51982F492C39E603008A83AA /* Resources */ = {
			isa = PBXResourcesBuildPhase;
			buildActionMask = 2147483647;
			files = (
			);
			runOnlyForDeploymentPostprocessing = 0;
		};
		51982F532C39E603008A83AA /* Resources */ = {
			isa = PBXResourcesBuildPhase;
			buildActionMask = 2147483647;
			files = (
			);
			runOnlyForDeploymentPostprocessing = 0;
		};
/* End PBXResourcesBuildPhase section */

/* Begin PBXSourcesBuildPhase section */
		51982F312C39E602008A83AA /* Sources */ = {
			isa = PBXSourcesBuildPhase;
			buildActionMask = 2147483647;
			files = (
				511134382C3B2FC9002E6214 /* UserClass.swift in Sources */,
				51982F692C39E618008A83AA /* User.swift in Sources */,
				51982F3D2C39E602008A83AA /* ViewController.swift in Sources */,
				51982F392C39E602008A83AA /* AppDelegate.swift in Sources */,
				51982F3B2C39E602008A83AA /* SceneDelegate.swift in Sources */,
			);
			runOnlyForDeploymentPostprocessing = 0;
		};
		51982F472C39E603008A83AA /* Sources */ = {
			isa = PBXSourcesBuildPhase;
			buildActionMask = 2147483647;
			files = (
				51982F502C39E603008A83AA /* learnAsyncAwaitTests.swift in Sources */,
			);
			runOnlyForDeploymentPostprocessing = 0;
		};
		51982F512C39E603008A83AA /* Sources */ = {
			isa = PBXSourcesBuildPhase;
			buildActionMask = 2147483647;
			files = (
				51982F5A2C39E603008A83AA /* learnAsyncAwaitUITests.swift in Sources */,
				51982F5C2C39E603008A83AA /* learnAsyncAwaitUITestsLaunchTests.swift in Sources */,
			);
			runOnlyForDeploymentPostprocessing = 0;
		};
/* End PBXSourcesBuildPhase section */

/* Begin PBXTargetDependency section */
		51982F4D2C39E603008A83AA /* PBXTargetDependency */ = {
			isa = PBXTargetDependency;
			target = 51982F342C39E602008A83AA /* learnAsyncAwait */;
			targetProxy = 51982F4C2C39E603008A83AA /* PBXContainerItemProxy */;
		};
		51982F572C39E603008A83AA /* PBXTargetDependency */ = {
			isa = PBXTargetDependency;
			target = 51982F342C39E602008A83AA /* learnAsyncAwait */;
			targetProxy = 51982F562C39E603008A83AA /* PBXContainerItemProxy */;
		};
/* End PBXTargetDependency section */

/* Begin PBXVariantGroup section */
		51982F3E2C39E602008A83AA /* Main.storyboard */ = {
			isa = PBXVariantGroup;
			children = (
				51982F3F2C39E602008A83AA /* Base */,
			);
			name = Main.storyboard;
			sourceTree = "<group>";
		};
		51982F432C39E603008A83AA /* LaunchScreen.storyboard */ = {
			isa = PBXVariantGroup;
			children = (
				51982F442C39E603008A83AA /* Base */,
			);
			name = LaunchScreen.storyboard;
			sourceTree = "<group>";
		};
/* End PBXVariantGroup section */

/* Begin XCBuildConfiguration section */
		51982F5D2C39E603008A83AA /* Debug */ = {
			isa = XCBuildConfiguration;
			buildSettings = {
				ALWAYS_SEARCH_USER_PATHS = NO;
				CLANG_ANALYZER_NONNULL = YES;
				CLANG_ANALYZER_NUMBER_OBJECT_CONVERSION = YES_AGGRESSIVE;
				CLANG_CXX_LANGUAGE_STANDARD = "gnu++20";
				CLANG_ENABLE_MODULES = YES;
				CLANG_ENABLE_OBJC_ARC = YES;
				CLANG_ENABLE_OBJC_WEAK = YES;
				CLANG_WARN_BLOCK_CAPTURE_AUTORELEASING = YES;
				CLANG_WARN_BOOL_CONVERSION = YES;
				CLANG_WARN_COMMA = YES;
				CLANG_WARN_CONSTANT_CONVERSION = YES;
				CLANG_WARN_DEPRECATED_OBJC_IMPLEMENTATIONS = YES;
				CLANG_WARN_DIRECT_OBJC_ISA_USAGE = YES_ERROR;
				CLANG_WARN_DOCUMENTATION_COMMENTS = YES;
				CLANG_WARN_EMPTY_BODY = YES;
				CLANG_WARN_ENUM_CONVERSION = YES;
				CLANG_WARN_INFINITE_RECURSION = YES;
				CLANG_WARN_INT_CONVERSION = YES;
				CLANG_WARN_NON_LITERAL_NULL_CONVERSION = YES;
				CLANG_WARN_OBJC_IMPLICIT_RETAIN_SELF = YES;
				CLANG_WARN_OBJC_LITERAL_CONVERSION = YES;
				CLANG_WARN_OBJC_ROOT_CLASS = YES_ERROR;
				CLANG_WARN_QUOTED_INCLUDE_IN_FRAMEWORK_HEADER = YES;
				CLANG_WARN_RANGE_LOOP_ANALYSIS = YES;
				CLANG_WARN_STRICT_PROTOTYPES = YES;
				CLANG_WARN_SUSPICIOUS_MOVE = YES;
				CLANG_WARN_UNGUARDED_AVAILABILITY = YES_AGGRESSIVE;
				CLANG_WARN_UNREACHABLE_CODE = YES;
				CLANG_WARN__DUPLICATE_METHOD_MATCH = YES;
				COPY_PHASE_STRIP = NO;
				DEBUG_INFORMATION_FORMAT = dwarf;
				ENABLE_STRICT_OBJC_MSGSEND = YES;
				ENABLE_TESTABILITY = YES;
				GCC_C_LANGUAGE_STANDARD = gnu11;
				GCC_DYNAMIC_NO_PIC = NO;
				GCC_NO_COMMON_BLOCKS = YES;
				GCC_OPTIMIZATION_LEVEL = 0;
				GCC_PREPROCESSOR_DEFINITIONS = (
					"DEBUG=1",
					"$(inherited)",
				);
				GCC_WARN_64_TO_32_BIT_CONVERSION = YES;
				GCC_WARN_ABOUT_RETURN_TYPE = YES_ERROR;
				GCC_WARN_UNDECLARED_SELECTOR = YES;
				GCC_WARN_UNINITIALIZED_AUTOS = YES_AGGRESSIVE;
				GCC_WARN_UNUSED_FUNCTION = YES;
				GCC_WARN_UNUSED_VARIABLE = YES;
				IPHONEOS_DEPLOYMENT_TARGET = 16.4;
				MTL_ENABLE_DEBUG_INFO = INCLUDE_SOURCE;
				MTL_FAST_MATH = YES;
				ONLY_ACTIVE_ARCH = YES;
				SDKROOT = iphoneos;
				SWIFT_ACTIVE_COMPILATION_CONDITIONS = DEBUG;
				SWIFT_OPTIMIZATION_LEVEL = "-Onone";
			};
			name = Debug;
		};
		51982F5E2C39E603008A83AA /* Release */ = {
			isa = XCBuildConfiguration;
			buildSettings = {
				ALWAYS_SEARCH_USER_PATHS = NO;
				CLANG_ANALYZER_NONNULL = YES;
				CLANG_ANALYZER_NUMBER_OBJECT_CONVERSION = YES_AGGRESSIVE;
				CLANG_CXX_LANGUAGE_STANDARD = "gnu++20";
				CLANG_ENABLE_MODULES = YES;
				CLANG_ENABLE_OBJC_ARC = YES;
				CLANG_ENABLE_OBJC_WEAK = YES;
				CLANG_WARN_BLOCK_CAPTURE_AUTORELEASING = YES;
				CLANG_WARN_BOOL_CONVERSION = YES;
				CLANG_WARN_COMMA = YES;
				CLANG_WARN_CONSTANT_CONVERSION = YES;
				CLANG_WARN_DEPRECATED_OBJC_IMPLEMENTATIONS = YES;
				CLANG_WARN_DIRECT_OBJC_ISA_USAGE = YES_ERROR;
				CLANG_WARN_DOCUMENTATION_COMMENTS = YES;
				CLANG_WARN_EMPTY_BODY = YES;
				CLANG_WARN_ENUM_CONVERSION = YES;
				CLANG_WARN_INFINITE_RECURSION = YES;
				CLANG_WARN_INT_CONVERSION = YES;
				CLANG_WARN_NON_LITERAL_NULL_CONVERSION = YES;
				CLANG_WARN_OBJC_IMPLICIT_RETAIN_SELF = YES;
				CLANG_WARN_OBJC_LITERAL_CONVERSION = YES;
				CLANG_WARN_OBJC_ROOT_CLASS = YES_ERROR;
				CLANG_WARN_QUOTED_INCLUDE_IN_FRAMEWORK_HEADER = YES;
				CLANG_WARN_RANGE_LOOP_ANALYSIS = YES;
				CLANG_WARN_STRICT_PROTOTYPES = YES;
				CLANG_WARN_SUSPICIOUS_MOVE = YES;
				CLANG_WARN_UNGUARDED_AVAILABILITY = YES_AGGRESSIVE;
				CLANG_WARN_UNREACHABLE_CODE = YES;
				CLANG_WARN__DUPLICATE_METHOD_MATCH = YES;
				COPY_PHASE_STRIP = NO;
				DEBUG_INFORMATION_FORMAT = "dwarf-with-dsym";
				ENABLE_NS_ASSERTIONS = NO;
				ENABLE_STRICT_OBJC_MSGSEND = YES;
				GCC_C_LANGUAGE_STANDARD = gnu11;
				GCC_NO_COMMON_BLOCKS = YES;
				GCC_WARN_64_TO_32_BIT_CONVERSION = YES;
				GCC_WARN_ABOUT_RETURN_TYPE = YES_ERROR;
				GCC_WARN_UNDECLARED_SELECTOR = YES;
				GCC_WARN_UNINITIALIZED_AUTOS = YES_AGGRESSIVE;
				GCC_WARN_UNUSED_FUNCTION = YES;
				GCC_WARN_UNUSED_VARIABLE = YES;
				IPHONEOS_DEPLOYMENT_TARGET = 16.4;
				MTL_ENABLE_DEBUG_INFO = NO;
				MTL_FAST_MATH = YES;
				SDKROOT = iphoneos;
				SWIFT_COMPILATION_MODE = wholemodule;
				SWIFT_OPTIMIZATION_LEVEL = "-O";
				VALIDATE_PRODUCT = YES;
			};
			name = Release;
		};
		51982F602C39E603008A83AA /* Debug */ = {
			isa = XCBuildConfiguration;
			buildSettings = {
				ASSETCATALOG_COMPILER_APPICON_NAME = AppIcon;
				ASSETCATALOG_COMPILER_GLOBAL_ACCENT_COLOR_NAME = AccentColor;
				CODE_SIGN_STYLE = Automatic;
				CURRENT_PROJECT_VERSION = 1;
				GENERATE_INFOPLIST_FILE = YES;
				INFOPLIST_FILE = learnAsyncAwait/Info.plist;
				INFOPLIST_KEY_UIApplicationSupportsIndirectInputEvents = YES;
				INFOPLIST_KEY_UILaunchStoryboardName = LaunchScreen;
				INFOPLIST_KEY_UIMainStoryboardFile = Main;
				INFOPLIST_KEY_UISupportedInterfaceOrientations_iPad = "UIInterfaceOrientationPortrait UIInterfaceOrientationPortraitUpsideDown UIInterfaceOrientationLandscapeLeft UIInterfaceOrientationLandscapeRight";
				INFOPLIST_KEY_UISupportedInterfaceOrientations_iPhone = "UIInterfaceOrientationPortrait UIInterfaceOrientationLandscapeLeft UIInterfaceOrientationLandscapeRight";
				LD_RUNPATH_SEARCH_PATHS = (
					"$(inherited)",
					"@executable_path/Frameworks",
				);
				MARKETING_VERSION = 1.0;
				PRODUCT_BUNDLE_IDENTIFIER = com.david.learnAsyncAwait;
				PRODUCT_NAME = "$(TARGET_NAME)";
				SWIFT_EMIT_LOC_STRINGS = YES;
				SWIFT_VERSION = 5.0;
				TARGETED_DEVICE_FAMILY = "1,2";
			};
			name = Debug;
		};
		51982F612C39E603008A83AA /* Release */ = {
			isa = XCBuildConfiguration;
			buildSettings = {
				ASSETCATALOG_COMPILER_APPICON_NAME = AppIcon;
				ASSETCATALOG_COMPILER_GLOBAL_ACCENT_COLOR_NAME = AccentColor;
				CODE_SIGN_STYLE = Automatic;
				CURRENT_PROJECT_VERSION = 1;
				GENERATE_INFOPLIST_FILE = YES;
				INFOPLIST_FILE = learnAsyncAwait/Info.plist;
				INFOPLIST_KEY_UIApplicationSupportsIndirectInputEvents = YES;
				INFOPLIST_KEY_UILaunchStoryboardName = LaunchScreen;
				INFOPLIST_KEY_UIMainStoryboardFile = Main;
				INFOPLIST_KEY_UISupportedInterfaceOrientations_iPad = "UIInterfaceOrientationPortrait UIInterfaceOrientationPortraitUpsideDown UIInterfaceOrientationLandscapeLeft UIInterfaceOrientationLandscapeRight";
				INFOPLIST_KEY_UISupportedInterfaceOrientations_iPhone = "UIInterfaceOrientationPortrait UIInterfaceOrientationLandscapeLeft UIInterfaceOrientationLandscapeRight";
				LD_RUNPATH_SEARCH_PATHS = (
					"$(inherited)",
					"@executable_path/Frameworks",
				);
				MARKETING_VERSION = 1.0;
				PRODUCT_BUNDLE_IDENTIFIER = com.david.learnAsyncAwait;
				PRODUCT_NAME = "$(TARGET_NAME)";
				SWIFT_EMIT_LOC_STRINGS = YES;
				SWIFT_VERSION = 5.0;
				TARGETED_DEVICE_FAMILY = "1,2";
			};
			name = Release;
		};
		51982F632C39E603008A83AA /* Debug */ = {
			isa = XCBuildConfiguration;
			buildSettings = {
				ALWAYS_EMBED_SWIFT_STANDARD_LIBRARIES = YES;
				BUNDLE_LOADER = "$(TEST_HOST)";
				CODE_SIGN_STYLE = Automatic;
				CURRENT_PROJECT_VERSION = 1;
				GENERATE_INFOPLIST_FILE = YES;
				IPHONEOS_DEPLOYMENT_TARGET = 16.4;
				MARKETING_VERSION = 1.0;
				PRODUCT_BUNDLE_IDENTIFIER = com.david.learnAsyncAwaitTests;
				PRODUCT_NAME = "$(TARGET_NAME)";
				SWIFT_EMIT_LOC_STRINGS = NO;
				SWIFT_VERSION = 5.0;
				TARGETED_DEVICE_FAMILY = "1,2";
				TEST_HOST = "$(BUILT_PRODUCTS_DIR)/learnAsyncAwait.app/$(BUNDLE_EXECUTABLE_FOLDER_PATH)/learnAsyncAwait";
			};
			name = Debug;
		};
		51982F642C39E603008A83AA /* Release */ = {
			isa = XCBuildConfiguration;
			buildSettings = {
				ALWAYS_EMBED_SWIFT_STANDARD_LIBRARIES = YES;
				BUNDLE_LOADER = "$(TEST_HOST)";
				CODE_SIGN_STYLE = Automatic;
				CURRENT_PROJECT_VERSION = 1;
				GENERATE_INFOPLIST_FILE = YES;
				IPHONEOS_DEPLOYMENT_TARGET = 16.4;
				MARKETING_VERSION = 1.0;
				PRODUCT_BUNDLE_IDENTIFIER = com.david.learnAsyncAwaitTests;
				PRODUCT_NAME = "$(TARGET_NAME)";
				SWIFT_EMIT_LOC_STRINGS = NO;
				SWIFT_VERSION = 5.0;
				TARGETED_DEVICE_FAMILY = "1,2";
				TEST_HOST = "$(BUILT_PRODUCTS_DIR)/learnAsyncAwait.app/$(BUNDLE_EXECUTABLE_FOLDER_PATH)/learnAsyncAwait";
			};
			name = Release;
		};
		51982F662C39E603008A83AA /* Debug */ = {
			isa = XCBuildConfiguration;
			buildSettings = {
				ALWAYS_EMBED_SWIFT_STANDARD_LIBRARIES = YES;
				CODE_SIGN_STYLE = Automatic;
				CURRENT_PROJECT_VERSION = 1;
				GENERATE_INFOPLIST_FILE = YES;
				MARKETING_VERSION = 1.0;
				PRODUCT_BUNDLE_IDENTIFIER = com.david.learnAsyncAwaitUITests;
				PRODUCT_NAME = "$(TARGET_NAME)";
				SWIFT_EMIT_LOC_STRINGS = NO;
				SWIFT_VERSION = 5.0;
				TARGETED_DEVICE_FAMILY = "1,2";
				TEST_TARGET_NAME = learnAsyncAwait;
			};
			name = Debug;
		};
		51982F672C39E603008A83AA /* Release */ = {
			isa = XCBuildConfiguration;
			buildSettings = {
				ALWAYS_EMBED_SWIFT_STANDARD_LIBRARIES = YES;
				CODE_SIGN_STYLE = Automatic;
				CURRENT_PROJECT_VERSION = 1;
				GENERATE_INFOPLIST_FILE = YES;
				MARKETING_VERSION = 1.0;
				PRODUCT_BUNDLE_IDENTIFIER = com.david.learnAsyncAwaitUITests;
				PRODUCT_NAME = "$(TARGET_NAME)";
				SWIFT_EMIT_LOC_STRINGS = NO;
				SWIFT_VERSION = 5.0;
				TARGETED_DEVICE_FAMILY = "1,2";
				TEST_TARGET_NAME = learnAsyncAwait;
			};
			name = Release;
		};
/* End XCBuildConfiguration section */

/* Begin XCConfigurationList section */
		51982F302C39E602008A83AA /* Build configuration list for PBXProject "learnAsyncAwait" */ = {
			isa = XCConfigurationList;
			buildConfigurations = (
				51982F5D2C39E603008A83AA /* Debug */,
				51982F5E2C39E603008A83AA /* Release */,
			);
			defaultConfigurationIsVisible = 0;
			defaultConfigurationName = Release;
		};
		51982F5F2C39E603008A83AA /* Build configuration list for PBXNativeTarget "learnAsyncAwait" */ = {
			isa = XCConfigurationList;
			buildConfigurations = (
				51982F602C39E603008A83AA /* Debug */,
				51982F612C39E603008A83AA /* Release */,
			);
			defaultConfigurationIsVisible = 0;
			defaultConfigurationName = Release;
		};
		51982F622C39E603008A83AA /* Build configuration list for PBXNativeTarget "learnAsyncAwaitTests" */ = {
			isa = XCConfigurationList;
			buildConfigurations = (
				51982F632C39E603008A83AA /* Debug */,
				51982F642C39E603008A83AA /* Release */,
			);
			defaultConfigurationIsVisible = 0;
			defaultConfigurationName = Release;
		};
		51982F652C39E603008A83AA /* Build configuration list for PBXNativeTarget "learnAsyncAwaitUITests" */ = {
			isa = XCConfigurationList;
			buildConfigurations = (
				51982F662C39E603008A83AA /* Debug */,
				51982F672C39E603008A83AA /* Release */,
			);
			defaultConfigurationIsVisible = 0;
			defaultConfigurationName = Release;
		};
/* End XCConfigurationList section */
	};
	rootObject = 51982F2D2C39E602008A83AA /* Project object */;
}
