// !$*UTF8*$!
{
	archiveVersion = 1;
	classes = {
	};
	objectVersion = 55;
	objects = {

/* Begin PBXBuildFile section */
		6391ED432C28E6F6003B53F6 /* AppDelegate.swift in Sources */ = {isa = PBXBuildFile; fileRef = 6391ED422C28E6F6003B53F6 /* AppDelegate.swift */; };
		6391ED452C28E6F6003B53F6 /* SceneDelegate.swift in Sources */ = {isa = PBXBuildFile; fileRef = 6391ED442C28E6F6003B53F6 /* SceneDelegate.swift */; };
		6391ED4A2C28E6F6003B53F6 /* Main.storyboard in Resources */ = {isa = PBXBuildFile; fileRef = 6391ED482C28E6F6003B53F6 /* Main.storyboard */; };
		6391ED4C2C28E6F8003B53F6 /* Assets.xcassets in Resources */ = {isa = PBXBuildFile; fileRef = 6391ED4B2C28E6F8003B53F6 /* Assets.xcassets */; };
		6391ED4F2C28E6F8003B53F6 /* LaunchScreen.storyboard in Resources */ = {isa = PBXBuildFile; fileRef = 6391ED4D2C28E6F8003B53F6 /* LaunchScreen.storyboard */; };
		6391ED5A2C28E6F8003B53F6 /* postsTableViewTests.swift in Sources */ = {isa = PBXBuildFile; fileRef = 6391ED592C28E6F8003B53F6 /* postsTableViewTests.swift */; };
		6391ED642C28E6F8003B53F6 /* postsTableViewUITests.swift in Sources */ = {isa = PBXBuildFile; fileRef = 6391ED632C28E6F8003B53F6 /* postsTableViewUITests.swift */; };
		6391ED662C28E6F8003B53F6 /* postsTableViewUITestsLaunchTests.swift in Sources */ = {isa = PBXBuildFile; fileRef = 6391ED652C28E6F8003B53F6 /* postsTableViewUITestsLaunchTests.swift */; };
		6391ED732C28E72F003B53F6 /* PostListScreen.swift in Sources */ = {isa = PBXBuildFile; fileRef = 6391ED722C28E72F003B53F6 /* PostListScreen.swift */; };
		6391ED762C28E7BF003B53F6 /* PostResponseModel.swift in Sources */ = {isa = PBXBuildFile; fileRef = 6391ED752C28E7BF003B53F6 /* PostResponseModel.swift */; };
		6391ED7B2C28E83C003B53F6 /* PostModel.swift in Sources */ = {isa = PBXBuildFile; fileRef = 6391ED7A2C28E83C003B53F6 /* PostModel.swift */; };
		6391ED842C28E929003B53F6 /* LoginModel.swift in Sources */ = {isa = PBXBuildFile; fileRef = 6391ED832C28E929003B53F6 /* LoginModel.swift */; };
		6391ED862C28E938003B53F6 /* LoginResponseModel.swift in Sources */ = {isa = PBXBuildFile; fileRef = 6391ED852C28E938003B53F6 /* LoginResponseModel.swift */; };
		6391ED892C28E954003B53F6 /* CommentModel.swift in Sources */ = {isa = PBXBuildFile; fileRef = 6391ED882C28E954003B53F6 /* CommentModel.swift */; };
		6391ED8B2C28E966003B53F6 /* CommentLikeModel.swift in Sources */ = {isa = PBXBuildFile; fileRef = 6391ED8A2C28E966003B53F6 /* CommentLikeModel.swift */; };
		6391ED8D2C28E987003B53F6 /* LikeModel.swift in Sources */ = {isa = PBXBuildFile; fileRef = 6391ED8C2C28E987003B53F6 /* LikeModel.swift */; };
		6391ED932C28EC40003B53F6 /* PostCell.swift in Sources */ = {isa = PBXBuildFile; fileRef = 6391ED922C28EC40003B53F6 /* PostCell.swift */; };
		6391ED952C28ECC4003B53F6 /* Post.swift in Sources */ = {isa = PBXBuildFile; fileRef = 6391ED942C28ECC4003B53F6 /* Post.swift */; };
		6391ED982C28F4F8003B53F6 /* PostAPI.swift in Sources */ = {isa = PBXBuildFile; fileRef = 6391ED972C28F4F8003B53F6 /* PostAPI.swift */; };
/* End PBXBuildFile section */

/* Begin PBXContainerItemProxy section */
		6391ED562C28E6F8003B53F6 /* PBXContainerItemProxy */ = {
			isa = PBXContainerItemProxy;
			containerPortal = 6391ED372C28E6F6003B53F6 /* Project object */;
			proxyType = 1;
			remoteGlobalIDString = 6391ED3E2C28E6F6003B53F6;
			remoteInfo = postsTableView;
		};
		6391ED602C28E6F8003B53F6 /* PBXContainerItemProxy */ = {
			isa = PBXContainerItemProxy;
			containerPortal = 6391ED372C28E6F6003B53F6 /* Project object */;
			proxyType = 1;
			remoteGlobalIDString = 6391ED3E2C28E6F6003B53F6;
			remoteInfo = postsTableView;
		};
/* End PBXContainerItemProxy section */

/* Begin PBXFileReference section */
		6391ED3F2C28E6F6003B53F6 /* postsTableView.app */ = {isa = PBXFileReference; explicitFileType = wrapper.application; includeInIndex = 0; path = postsTableView.app; sourceTree = BUILT_PRODUCTS_DIR; };
		6391ED422C28E6F6003B53F6 /* AppDelegate.swift */ = {isa = PBXFileReference; lastKnownFileType = sourcecode.swift; path = AppDelegate.swift; sourceTree = "<group>"; };
		6391ED442C28E6F6003B53F6 /* SceneDelegate.swift */ = {isa = PBXFileReference; lastKnownFileType = sourcecode.swift; path = SceneDelegate.swift; sourceTree = "<group>"; };
		6391ED492C28E6F6003B53F6 /* Base */ = {isa = PBXFileReference; lastKnownFileType = file.storyboard; name = Base; path = Base.lproj/Main.storyboard; sourceTree = "<group>"; };
		6391ED4B2C28E6F8003B53F6 /* Assets.xcassets */ = {isa = PBXFileReference; lastKnownFileType = folder.assetcatalog; path = Assets.xcassets; sourceTree = "<group>"; };
		6391ED4E2C28E6F8003B53F6 /* Base */ = {isa = PBXFileReference; lastKnownFileType = file.storyboard; name = Base; path = Base.lproj/LaunchScreen.storyboard; sourceTree = "<group>"; };
		6391ED502C28E6F8003B53F6 /* Info.plist */ = {isa = PBXFileReference; lastKnownFileType = text.plist.xml; path = Info.plist; sourceTree = "<group>"; };
		6391ED552C28E6F8003B53F6 /* postsTableViewTests.xctest */ = {isa = PBXFileReference; explicitFileType = wrapper.cfbundle; includeInIndex = 0; path = postsTableViewTests.xctest; sourceTree = BUILT_PRODUCTS_DIR; };
		6391ED592C28E6F8003B53F6 /* postsTableViewTests.swift */ = {isa = PBXFileReference; lastKnownFileType = sourcecode.swift; path = postsTableViewTests.swift; sourceTree = "<group>"; };
		6391ED5F2C28E6F8003B53F6 /* postsTableViewUITests.xctest */ = {isa = PBXFileReference; explicitFileType = wrapper.cfbundle; includeInIndex = 0; path = postsTableViewUITests.xctest; sourceTree = BUILT_PRODUCTS_DIR; };
		6391ED632C28E6F8003B53F6 /* postsTableViewUITests.swift */ = {isa = PBXFileReference; lastKnownFileType = sourcecode.swift; path = postsTableViewUITests.swift; sourceTree = "<group>"; };
		6391ED652C28E6F8003B53F6 /* postsTableViewUITestsLaunchTests.swift */ = {isa = PBXFileReference; lastKnownFileType = sourcecode.swift; path = postsTableViewUITestsLaunchTests.swift; sourceTree = "<group>"; };
		6391ED722C28E72F003B53F6 /* PostListScreen.swift */ = {isa = PBXFileReference; lastKnownFileType = sourcecode.swift; path = PostListScreen.swift; sourceTree = "<group>"; };
		6391ED752C28E7BF003B53F6 /* PostResponseModel.swift */ = {isa = PBXFileReference; fileEncoding = 4; lastKnownFileType = sourcecode.swift; path = PostResponseModel.swift; sourceTree = "<group>"; };
		6391ED7A2C28E83C003B53F6 /* PostModel.swift */ = {isa = PBXFileReference; lastKnownFileType = sourcecode.swift; path = PostModel.swift; sourceTree = "<group>"; };
		6391ED832C28E929003B53F6 /* LoginModel.swift */ = {isa = PBXFileReference; lastKnownFileType = sourcecode.swift; path = LoginModel.swift; sourceTree = "<group>"; };
		6391ED852C28E938003B53F6 /* LoginResponseModel.swift */ = {isa = PBXFileReference; lastKnownFileType = sourcecode.swift; path = LoginResponseModel.swift; sourceTree = "<group>"; };
		6391ED882C28E954003B53F6 /* CommentModel.swift */ = {isa = PBXFileReference; lastKnownFileType = sourcecode.swift; path = CommentModel.swift; sourceTree = "<group>"; };
		6391ED8A2C28E966003B53F6 /* CommentLikeModel.swift */ = {isa = PBXFileReference; lastKnownFileType = sourcecode.swift; path = CommentLikeModel.swift; sourceTree = "<group>"; };
		6391ED8C2C28E987003B53F6 /* LikeModel.swift */ = {isa = PBXFileReference; lastKnownFileType = sourcecode.swift; path = LikeModel.swift; sourceTree = "<group>"; };
		6391ED922C28EC40003B53F6 /* PostCell.swift */ = {isa = PBXFileReference; lastKnownFileType = sourcecode.swift; path = PostCell.swift; sourceTree = "<group>"; };
		6391ED942C28ECC4003B53F6 /* Post.swift */ = {isa = PBXFileReference; lastKnownFileType = sourcecode.swift; path = Post.swift; sourceTree = "<group>"; };
		6391ED972C28F4F8003B53F6 /* PostAPI.swift */ = {isa = PBXFileReference; lastKnownFileType = sourcecode.swift; path = PostAPI.swift; sourceTree = "<group>"; };
/* End PBXFileReference section */

/* Begin PBXFrameworksBuildPhase section */
		6391ED3C2C28E6F6003B53F6 /* Frameworks */ = {
			isa = PBXFrameworksBuildPhase;
			buildActionMask = 2147483647;
			files = (
			);
			runOnlyForDeploymentPostprocessing = 0;
		};
		6391ED522C28E6F8003B53F6 /* Frameworks */ = {
			isa = PBXFrameworksBuildPhase;
			buildActionMask = 2147483647;
			files = (
			);
			runOnlyForDeploymentPostprocessing = 0;
		};
		6391ED5C2C28E6F8003B53F6 /* Frameworks */ = {
			isa = PBXFrameworksBuildPhase;
			buildActionMask = 2147483647;
			files = (
			);
			runOnlyForDeploymentPostprocessing = 0;
		};
/* End PBXFrameworksBuildPhase section */

/* Begin PBXGroup section */
		6391ED362C28E6F6003B53F6 = {
			isa = PBXGroup;
			children = (
				6391ED412C28E6F6003B53F6 /* postsTableView */,
				6391ED582C28E6F8003B53F6 /* postsTableViewTests */,
				6391ED622C28E6F8003B53F6 /* postsTableViewUITests */,
				6391ED402C28E6F6003B53F6 /* Products */,
			);
			sourceTree = "<group>";
		};
		6391ED402C28E6F6003B53F6 /* Products */ = {
			isa = PBXGroup;
			children = (
				6391ED3F2C28E6F6003B53F6 /* postsTableView.app */,
				6391ED552C28E6F8003B53F6 /* postsTableViewTests.xctest */,
				6391ED5F2C28E6F8003B53F6 /* postsTableViewUITests.xctest */,
			);
			name = Products;
			sourceTree = "<group>";
		};
		6391ED412C28E6F6003B53F6 /* postsTableView */ = {
			isa = PBXGroup;
			children = (
				6391ED962C28F4DF003B53F6 /* API */,
				6391ED742C28E7A3003B53F6 /* Models */,
				6391ED422C28E6F6003B53F6 /* AppDelegate.swift */,
				6391ED442C28E6F6003B53F6 /* SceneDelegate.swift */,
				6391ED722C28E72F003B53F6 /* PostListScreen.swift */,
				6391ED922C28EC40003B53F6 /* PostCell.swift */,
				6391ED942C28ECC4003B53F6 /* Post.swift */,
				6391ED482C28E6F6003B53F6 /* Main.storyboard */,
				6391ED4B2C28E6F8003B53F6 /* Assets.xcassets */,
				6391ED4D2C28E6F8003B53F6 /* LaunchScreen.storyboard */,
				6391ED502C28E6F8003B53F6 /* Info.plist */,
			);
			path = postsTableView;
			sourceTree = "<group>";
		};
		6391ED582C28E6F8003B53F6 /* postsTableViewTests */ = {
			isa = PBXGroup;
			children = (
				6391ED592C28E6F8003B53F6 /* postsTableViewTests.swift */,
			);
			path = postsTableViewTests;
			sourceTree = "<group>";
		};
		6391ED622C28E6F8003B53F6 /* postsTableViewUITests */ = {
			isa = PBXGroup;
			children = (
				6391ED632C28E6F8003B53F6 /* postsTableViewUITests.swift */,
				6391ED652C28E6F8003B53F6 /* postsTableViewUITestsLaunchTests.swift */,
			);
			path = postsTableViewUITests;
			sourceTree = "<group>";
		};
		6391ED742C28E7A3003B53F6 /* Models */ = {
			isa = PBXGroup;
			children = (
				6391ED872C28E947003B53F6 /* Comments */,
				6391ED822C28E91A003B53F6 /* Login */,
				6391ED772C28E7CC003B53F6 /* Posts */,
				6391ED8E2C28E995003B53F6 /* Likes */,
			);
			path = Models;
			sourceTree = "<group>";
		};
		6391ED772C28E7CC003B53F6 /* Posts */ = {
			isa = PBXGroup;
			children = (
				6391ED752C28E7BF003B53F6 /* PostResponseModel.swift */,
				6391ED7A2C28E83C003B53F6 /* PostModel.swift */,
			);
			path = Posts;
			sourceTree = "<group>";
		};
		6391ED822C28E91A003B53F6 /* Login */ = {
			isa = PBXGroup;
			children = (
				6391ED832C28E929003B53F6 /* LoginModel.swift */,
				6391ED852C28E938003B53F6 /* LoginResponseModel.swift */,
			);
			path = Login;
			sourceTree = "<group>";
		};
		6391ED872C28E947003B53F6 /* Comments */ = {
			isa = PBXGroup;
			children = (
				6391ED882C28E954003B53F6 /* CommentModel.swift */,
				6391ED8A2C28E966003B53F6 /* CommentLikeModel.swift */,
			);
			path = Comments;
			sourceTree = "<group>";
		};
		6391ED8E2C28E995003B53F6 /* Likes */ = {
			isa = PBXGroup;
			children = (
				6391ED8C2C28E987003B53F6 /* LikeModel.swift */,
			);
			path = Likes;
			sourceTree = "<group>";
		};
		6391ED962C28F4DF003B53F6 /* API */ = {
			isa = PBXGroup;
			children = (
				6391ED972C28F4F8003B53F6 /* PostAPI.swift */,
			);
			path = API;
			sourceTree = "<group>";
		};
/* End PBXGroup section */

/* Begin PBXNativeTarget section */
		6391ED3E2C28E6F6003B53F6 /* postsTableView */ = {
			isa = PBXNativeTarget;
			buildConfigurationList = 6391ED692C28E6F8003B53F6 /* Build configuration list for PBXNativeTarget "postsTableView" */;
			buildPhases = (
				6391ED3B2C28E6F6003B53F6 /* Sources */,
				6391ED3C2C28E6F6003B53F6 /* Frameworks */,
				6391ED3D2C28E6F6003B53F6 /* Resources */,
			);
			buildRules = (
			);
			dependencies = (
			);
			name = postsTableView;
			productName = postsTableView;
			productReference = 6391ED3F2C28E6F6003B53F6 /* postsTableView.app */;
			productType = "com.apple.product-type.application";
		};
		6391ED542C28E6F8003B53F6 /* postsTableViewTests */ = {
			isa = PBXNativeTarget;
			buildConfigurationList = 6391ED6C2C28E6F8003B53F6 /* Build configuration list for PBXNativeTarget "postsTableViewTests" */;
			buildPhases = (
				6391ED512C28E6F8003B53F6 /* Sources */,
				6391ED522C28E6F8003B53F6 /* Frameworks */,
				6391ED532C28E6F8003B53F6 /* Resources */,
			);
			buildRules = (
			);
			dependencies = (
				6391ED572C28E6F8003B53F6 /* PBXTargetDependency */,
			);
			name = postsTableViewTests;
			productName = postsTableViewTests;
			productReference = 6391ED552C28E6F8003B53F6 /* postsTableViewTests.xctest */;
			productType = "com.apple.product-type.bundle.unit-test";
		};
		6391ED5E2C28E6F8003B53F6 /* postsTableViewUITests */ = {
			isa = PBXNativeTarget;
			buildConfigurationList = 6391ED6F2C28E6F8003B53F6 /* Build configuration list for PBXNativeTarget "postsTableViewUITests" */;
			buildPhases = (
				6391ED5B2C28E6F8003B53F6 /* Sources */,
				6391ED5C2C28E6F8003B53F6 /* Frameworks */,
				6391ED5D2C28E6F8003B53F6 /* Resources */,
			);
			buildRules = (
			);
			dependencies = (
				6391ED612C28E6F8003B53F6 /* PBXTargetDependency */,
			);
			name = postsTableViewUITests;
			productName = postsTableViewUITests;
			productReference = 6391ED5F2C28E6F8003B53F6 /* postsTableViewUITests.xctest */;
			productType = "com.apple.product-type.bundle.ui-testing";
		};
/* End PBXNativeTarget section */

/* Begin PBXProject section */
		6391ED372C28E6F6003B53F6 /* Project object */ = {
			isa = PBXProject;
			attributes = {
				BuildIndependentTargetsInParallel = 1;
				LastSwiftUpdateCheck = 1340;
				LastUpgradeCheck = 1340;
				TargetAttributes = {
					6391ED3E2C28E6F6003B53F6 = {
						CreatedOnToolsVersion = 13.4.1;
					};
					6391ED542C28E6F8003B53F6 = {
						CreatedOnToolsVersion = 13.4.1;
						TestTargetID = 6391ED3E2C28E6F6003B53F6;
					};
					6391ED5E2C28E6F8003B53F6 = {
						CreatedOnToolsVersion = 13.4.1;
						TestTargetID = 6391ED3E2C28E6F6003B53F6;
					};
				};
			};
			buildConfigurationList = 6391ED3A2C28E6F6003B53F6 /* Build configuration list for PBXProject "postsTableView" */;
			compatibilityVersion = "Xcode 13.0";
			developmentRegion = en;
			hasScannedForEncodings = 0;
			knownRegions = (
				en,
				Base,
			);
			mainGroup = 6391ED362C28E6F6003B53F6;
			productRefGroup = 6391ED402C28E6F6003B53F6 /* Products */;
			projectDirPath = "";
			projectRoot = "";
			targets = (
				6391ED3E2C28E6F6003B53F6 /* postsTableView */,
				6391ED542C28E6F8003B53F6 /* postsTableViewTests */,
				6391ED5E2C28E6F8003B53F6 /* postsTableViewUITests */,
			);
		};
/* End PBXProject section */

/* Begin PBXResourcesBuildPhase section */
		6391ED3D2C28E6F6003B53F6 /* Resources */ = {
			isa = PBXResourcesBuildPhase;
			buildActionMask = 2147483647;
			files = (
				6391ED4F2C28E6F8003B53F6 /* LaunchScreen.storyboard in Resources */,
				6391ED4C2C28E6F8003B53F6 /* Assets.xcassets in Resources */,
				6391ED4A2C28E6F6003B53F6 /* Main.storyboard in Resources */,
			);
			runOnlyForDeploymentPostprocessing = 0;
		};
		6391ED532C28E6F8003B53F6 /* Resources */ = {
			isa = PBXResourcesBuildPhase;
			buildActionMask = 2147483647;
			files = (
			);
			runOnlyForDeploymentPostprocessing = 0;
		};
		6391ED5D2C28E6F8003B53F6 /* Resources */ = {
			isa = PBXResourcesBuildPhase;
			buildActionMask = 2147483647;
			files = (
			);
			runOnlyForDeploymentPostprocessing = 0;
		};
/* End PBXResourcesBuildPhase section */

/* Begin PBXSourcesBuildPhase section */
		6391ED3B2C28E6F6003B53F6 /* Sources */ = {
			isa = PBXSourcesBuildPhase;
			buildActionMask = 2147483647;
			files = (
				6391ED762C28E7BF003B53F6 /* PostResponseModel.swift in Sources */,
				6391ED892C28E954003B53F6 /* CommentModel.swift in Sources */,
				6391ED862C28E938003B53F6 /* LoginResponseModel.swift in Sources */,
				6391ED982C28F4F8003B53F6 /* PostAPI.swift in Sources */,
				6391ED952C28ECC4003B53F6 /* Post.swift in Sources */,
				6391ED8D2C28E987003B53F6 /* LikeModel.swift in Sources */,
				6391ED842C28E929003B53F6 /* LoginModel.swift in Sources */,
				6391ED7B2C28E83C003B53F6 /* PostModel.swift in Sources */,
				6391ED432C28E6F6003B53F6 /* AppDelegate.swift in Sources */,
				6391ED8B2C28E966003B53F6 /* CommentLikeModel.swift in Sources */,
				6391ED932C28EC40003B53F6 /* PostCell.swift in Sources */,
				6391ED452C28E6F6003B53F6 /* SceneDelegate.swift in Sources */,
				6391ED732C28E72F003B53F6 /* PostListScreen.swift in Sources */,
			);
			runOnlyForDeploymentPostprocessing = 0;
		};
		6391ED512C28E6F8003B53F6 /* Sources */ = {
			isa = PBXSourcesBuildPhase;
			buildActionMask = 2147483647;
			files = (
				6391ED5A2C28E6F8003B53F6 /* postsTableViewTests.swift in Sources */,
			);
			runOnlyForDeploymentPostprocessing = 0;
		};
		6391ED5B2C28E6F8003B53F6 /* Sources */ = {
			isa = PBXSourcesBuildPhase;
			buildActionMask = 2147483647;
			files = (
				6391ED662C28E6F8003B53F6 /* postsTableViewUITestsLaunchTests.swift in Sources */,
				6391ED642C28E6F8003B53F6 /* postsTableViewUITests.swift in Sources */,
			);
			runOnlyForDeploymentPostprocessing = 0;
		};
/* End PBXSourcesBuildPhase section */

/* Begin PBXTargetDependency section */
		6391ED572C28E6F8003B53F6 /* PBXTargetDependency */ = {
			isa = PBXTargetDependency;
			target = 6391ED3E2C28E6F6003B53F6 /* postsTableView */;
			targetProxy = 6391ED562C28E6F8003B53F6 /* PBXContainerItemProxy */;
		};
		6391ED612C28E6F8003B53F6 /* PBXTargetDependency */ = {
			isa = PBXTargetDependency;
			target = 6391ED3E2C28E6F6003B53F6 /* postsTableView */;
			targetProxy = 6391ED602C28E6F8003B53F6 /* PBXContainerItemProxy */;
		};
/* End PBXTargetDependency section */

/* Begin PBXVariantGroup section */
		6391ED482C28E6F6003B53F6 /* Main.storyboard */ = {
			isa = PBXVariantGroup;
			children = (
				6391ED492C28E6F6003B53F6 /* Base */,
			);
			name = Main.storyboard;
			sourceTree = "<group>";
		};
		6391ED4D2C28E6F8003B53F6 /* LaunchScreen.storyboard */ = {
			isa = PBXVariantGroup;
			children = (
				6391ED4E2C28E6F8003B53F6 /* Base */,
			);
			name = LaunchScreen.storyboard;
			sourceTree = "<group>";
		};
/* End PBXVariantGroup section */

/* Begin XCBuildConfiguration section */
		6391ED672C28E6F8003B53F6 /* Debug */ = {
			isa = XCBuildConfiguration;
			buildSettings = {
				ALWAYS_SEARCH_USER_PATHS = NO;
				CLANG_ANALYZER_NONNULL = YES;
				CLANG_ANALYZER_NUMBER_OBJECT_CONVERSION = YES_AGGRESSIVE;
				CLANG_CXX_LANGUAGE_STANDARD = "gnu++17";
				CLANG_ENABLE_MODULES = YES;
				CLANG_ENABLE_OBJC_ARC = YES;
				CLANG_ENABLE_OBJC_WEAK = YES;
				CLANG_WARN_BLOCK_CAPTURE_AUTORELEASING = YES;
				CLANG_WARN_BOOL_CONVERSION = YES;
				CLANG_WARN_COMMA = YES;
				CLANG_WARN_CONSTANT_CONVERSION = YES;
				CLANG_WARN_DEPRECATED_OBJC_IMPLEMENTATIONS = YES;
				CLANG_WARN_DIRECT_OBJC_ISA_USAGE = YES_ERROR;
				CLANG_WARN_DOCUMENTATION_COMMENTS = YES;
				CLANG_WARN_EMPTY_BODY = YES;
				CLANG_WARN_ENUM_CONVERSION = YES;
				CLANG_WARN_INFINITE_RECURSION = YES;
				CLANG_WARN_INT_CONVERSION = YES;
				CLANG_WARN_NON_LITERAL_NULL_CONVERSION = YES;
				CLANG_WARN_OBJC_IMPLICIT_RETAIN_SELF = YES;
				CLANG_WARN_OBJC_LITERAL_CONVERSION = YES;
				CLANG_WARN_OBJC_ROOT_CLASS = YES_ERROR;
				CLANG_WARN_QUOTED_INCLUDE_IN_FRAMEWORK_HEADER = YES;
				CLANG_WARN_RANGE_LOOP_ANALYSIS = YES;
				CLANG_WARN_STRICT_PROTOTYPES = YES;
				CLANG_WARN_SUSPICIOUS_MOVE = YES;
				CLANG_WARN_UNGUARDED_AVAILABILITY = YES_AGGRESSIVE;
				CLANG_WARN_UNREACHABLE_CODE = YES;
				CLANG_WARN__DUPLICATE_METHOD_MATCH = YES;
				COPY_PHASE_STRIP = NO;
				DEBUG_INFORMATION_FORMAT = dwarf;
				ENABLE_STRICT_OBJC_MSGSEND = YES;
				ENABLE_TESTABILITY = YES;
				GCC_C_LANGUAGE_STANDARD = gnu11;
				GCC_DYNAMIC_NO_PIC = NO;
				GCC_NO_COMMON_BLOCKS = YES;
				GCC_OPTIMIZATION_LEVEL = 0;
				GCC_PREPROCESSOR_DEFINITIONS = (
					"DEBUG=1",
					"$(inherited)",
				);
				GCC_WARN_64_TO_32_BIT_CONVERSION = YES;
				GCC_WARN_ABOUT_RETURN_TYPE = YES_ERROR;
				GCC_WARN_UNDECLARED_SELECTOR = YES;
				GCC_WARN_UNINITIALIZED_AUTOS = YES_AGGRESSIVE;
				GCC_WARN_UNUSED_FUNCTION = YES;
				GCC_WARN_UNUSED_VARIABLE = YES;
				IPHONEOS_DEPLOYMENT_TARGET = 15.5;
				MTL_ENABLE_DEBUG_INFO = INCLUDE_SOURCE;
				MTL_FAST_MATH = YES;
				ONLY_ACTIVE_ARCH = YES;
				SDKROOT = iphoneos;
				SWIFT_ACTIVE_COMPILATION_CONDITIONS = DEBUG;
				SWIFT_OPTIMIZATION_LEVEL = "-Onone";
			};
			name = Debug;
		};
		6391ED682C28E6F8003B53F6 /* Release */ = {
			isa = XCBuildConfiguration;
			buildSettings = {
				ALWAYS_SEARCH_USER_PATHS = NO;
				CLANG_ANALYZER_NONNULL = YES;
				CLANG_ANALYZER_NUMBER_OBJECT_CONVERSION = YES_AGGRESSIVE;
				CLANG_CXX_LANGUAGE_STANDARD = "gnu++17";
				CLANG_ENABLE_MODULES = YES;
				CLANG_ENABLE_OBJC_ARC = YES;
				CLANG_ENABLE_OBJC_WEAK = YES;
				CLANG_WARN_BLOCK_CAPTURE_AUTORELEASING = YES;
				CLANG_WARN_BOOL_CONVERSION = YES;
				CLANG_WARN_COMMA = YES;
				CLANG_WARN_CONSTANT_CONVERSION = YES;
				CLANG_WARN_DEPRECATED_OBJC_IMPLEMENTATIONS = YES;
				CLANG_WARN_DIRECT_OBJC_ISA_USAGE = YES_ERROR;
				CLANG_WARN_DOCUMENTATION_COMMENTS = YES;
				CLANG_WARN_EMPTY_BODY = YES;
				CLANG_WARN_ENUM_CONVERSION = YES;
				CLANG_WARN_INFINITE_RECURSION = YES;
				CLANG_WARN_INT_CONVERSION = YES;
				CLANG_WARN_NON_LITERAL_NULL_CONVERSION = YES;
				CLANG_WARN_OBJC_IMPLICIT_RETAIN_SELF = YES;
				CLANG_WARN_OBJC_LITERAL_CONVERSION = YES;
				CLANG_WARN_OBJC_ROOT_CLASS = YES_ERROR;
				CLANG_WARN_QUOTED_INCLUDE_IN_FRAMEWORK_HEADER = YES;
				CLANG_WARN_RANGE_LOOP_ANALYSIS = YES;
				CLANG_WARN_STRICT_PROTOTYPES = YES;
				CLANG_WARN_SUSPICIOUS_MOVE = YES;
				CLANG_WARN_UNGUARDED_AVAILABILITY = YES_AGGRESSIVE;
				CLANG_WARN_UNREACHABLE_CODE = YES;
				CLANG_WARN__DUPLICATE_METHOD_MATCH = YES;
				COPY_PHASE_STRIP = NO;
				DEBUG_INFORMATION_FORMAT = "dwarf-with-dsym";
				ENABLE_NS_ASSERTIONS = NO;
				ENABLE_STRICT_OBJC_MSGSEND = YES;
				GCC_C_LANGUAGE_STANDARD = gnu11;
				GCC_NO_COMMON_BLOCKS = YES;
				GCC_WARN_64_TO_32_BIT_CONVERSION = YES;
				GCC_WARN_ABOUT_RETURN_TYPE = YES_ERROR;
				GCC_WARN_UNDECLARED_SELECTOR = YES;
				GCC_WARN_UNINITIALIZED_AUTOS = YES_AGGRESSIVE;
				GCC_WARN_UNUSED_FUNCTION = YES;
				GCC_WARN_UNUSED_VARIABLE = YES;
				IPHONEOS_DEPLOYMENT_TARGET = 15.5;
				MTL_ENABLE_DEBUG_INFO = NO;
				MTL_FAST_MATH = YES;
				SDKROOT = iphoneos;
				SWIFT_COMPILATION_MODE = wholemodule;
				SWIFT_OPTIMIZATION_LEVEL = "-O";
				VALIDATE_PRODUCT = YES;
			};
			name = Release;
		};
		6391ED6A2C28E6F8003B53F6 /* Debug */ = {
			isa = XCBuildConfiguration;
			buildSettings = {
				ASSETCATALOG_COMPILER_APPICON_NAME = AppIcon;
				ASSETCATALOG_COMPILER_GLOBAL_ACCENT_COLOR_NAME = AccentColor;
				CODE_SIGN_STYLE = Automatic;
				CURRENT_PROJECT_VERSION = 1;
				GENERATE_INFOPLIST_FILE = YES;
				INFOPLIST_FILE = postsTableView/Info.plist;
				INFOPLIST_KEY_UIApplicationSupportsIndirectInputEvents = YES;
				INFOPLIST_KEY_UILaunchStoryboardName = LaunchScreen;
				INFOPLIST_KEY_UIMainStoryboardFile = Main;
				INFOPLIST_KEY_UISupportedInterfaceOrientations_iPad = "UIInterfaceOrientationPortrait UIInterfaceOrientationPortraitUpsideDown UIInterfaceOrientationLandscapeLeft UIInterfaceOrientationLandscapeRight";
				INFOPLIST_KEY_UISupportedInterfaceOrientations_iPhone = "UIInterfaceOrientationPortrait UIInterfaceOrientationLandscapeLeft UIInterfaceOrientationLandscapeRight";
				LD_RUNPATH_SEARCH_PATHS = (
					"$(inherited)",
					"@executable_path/Frameworks",
				);
				MARKETING_VERSION = 1.0;
				PRODUCT_BUNDLE_IDENTIFIER = com.david.postsTableView;
				PRODUCT_NAME = "$(TARGET_NAME)";
				SWIFT_EMIT_LOC_STRINGS = YES;
				SWIFT_VERSION = 5.0;
				TARGETED_DEVICE_FAMILY = "1,2";
			};
			name = Debug;
		};
		6391ED6B2C28E6F8003B53F6 /* Release */ = {
			isa = XCBuildConfiguration;
			buildSettings = {
				ASSETCATALOG_COMPILER_APPICON_NAME = AppIcon;
				ASSETCATALOG_COMPILER_GLOBAL_ACCENT_COLOR_NAME = AccentColor;
				CODE_SIGN_STYLE = Automatic;
				CURRENT_PROJECT_VERSION = 1;
				GENERATE_INFOPLIST_FILE = YES;
				INFOPLIST_FILE = postsTableView/Info.plist;
				INFOPLIST_KEY_UIApplicationSupportsIndirectInputEvents = YES;
				INFOPLIST_KEY_UILaunchStoryboardName = LaunchScreen;
				INFOPLIST_KEY_UIMainStoryboardFile = Main;
				INFOPLIST_KEY_UISupportedInterfaceOrientations_iPad = "UIInterfaceOrientationPortrait UIInterfaceOrientationPortraitUpsideDown UIInterfaceOrientationLandscapeLeft UIInterfaceOrientationLandscapeRight";
				INFOPLIST_KEY_UISupportedInterfaceOrientations_iPhone = "UIInterfaceOrientationPortrait UIInterfaceOrientationLandscapeLeft UIInterfaceOrientationLandscapeRight";
				LD_RUNPATH_SEARCH_PATHS = (
					"$(inherited)",
					"@executable_path/Frameworks",
				);
				MARKETING_VERSION = 1.0;
				PRODUCT_BUNDLE_IDENTIFIER = com.david.postsTableView;
				PRODUCT_NAME = "$(TARGET_NAME)";
				SWIFT_EMIT_LOC_STRINGS = YES;
				SWIFT_VERSION = 5.0;
				TARGETED_DEVICE_FAMILY = "1,2";
			};
			name = Release;
		};
		6391ED6D2C28E6F8003B53F6 /* Debug */ = {
			isa = XCBuildConfiguration;
			buildSettings = {
				ALWAYS_EMBED_SWIFT_STANDARD_LIBRARIES = YES;
				BUNDLE_LOADER = "$(TEST_HOST)";
				CODE_SIGN_STYLE = Automatic;
				CURRENT_PROJECT_VERSION = 1;
				GENERATE_INFOPLIST_FILE = YES;
				IPHONEOS_DEPLOYMENT_TARGET = 15.5;
				MARKETING_VERSION = 1.0;
				PRODUCT_BUNDLE_IDENTIFIER = com.david.postsTableViewTests;
				PRODUCT_NAME = "$(TARGET_NAME)";
				SWIFT_EMIT_LOC_STRINGS = NO;
				SWIFT_VERSION = 5.0;
				TARGETED_DEVICE_FAMILY = "1,2";
				TEST_HOST = "$(BUILT_PRODUCTS_DIR)/postsTableView.app/postsTableView";
			};
			name = Debug;
		};
		6391ED6E2C28E6F8003B53F6 /* Release */ = {
			isa = XCBuildConfiguration;
			buildSettings = {
				ALWAYS_EMBED_SWIFT_STANDARD_LIBRARIES = YES;
				BUNDLE_LOADER = "$(TEST_HOST)";
				CODE_SIGN_STYLE = Automatic;
				CURRENT_PROJECT_VERSION = 1;
				GENERATE_INFOPLIST_FILE = YES;
				IPHONEOS_DEPLOYMENT_TARGET = 15.5;
				MARKETING_VERSION = 1.0;
				PRODUCT_BUNDLE_IDENTIFIER = com.david.postsTableViewTests;
				PRODUCT_NAME = "$(TARGET_NAME)";
				SWIFT_EMIT_LOC_STRINGS = NO;
				SWIFT_VERSION = 5.0;
				TARGETED_DEVICE_FAMILY = "1,2";
				TEST_HOST = "$(BUILT_PRODUCTS_DIR)/postsTableView.app/postsTableView";
			};
			name = Release;
		};
		6391ED702C28E6F8003B53F6 /* Debug */ = {
			isa = XCBuildConfiguration;
			buildSettings = {
				ALWAYS_EMBED_SWIFT_STANDARD_LIBRARIES = YES;
				CODE_SIGN_STYLE = Automatic;
				CURRENT_PROJECT_VERSION = 1;
				GENERATE_INFOPLIST_FILE = YES;
				MARKETING_VERSION = 1.0;
				PRODUCT_BUNDLE_IDENTIFIER = com.david.postsTableViewUITests;
				PRODUCT_NAME = "$(TARGET_NAME)";
				SWIFT_EMIT_LOC_STRINGS = NO;
				SWIFT_VERSION = 5.0;
				TARGETED_DEVICE_FAMILY = "1,2";
				TEST_TARGET_NAME = postsTableView;
			};
			name = Debug;
		};
		6391ED712C28E6F8003B53F6 /* Release */ = {
			isa = XCBuildConfiguration;
			buildSettings = {
				ALWAYS_EMBED_SWIFT_STANDARD_LIBRARIES = YES;
				CODE_SIGN_STYLE = Automatic;
				CURRENT_PROJECT_VERSION = 1;
				GENERATE_INFOPLIST_FILE = YES;
				MARKETING_VERSION = 1.0;
				PRODUCT_BUNDLE_IDENTIFIER = com.david.postsTableViewUITests;
				PRODUCT_NAME = "$(TARGET_NAME)";
				SWIFT_EMIT_LOC_STRINGS = NO;
				SWIFT_VERSION = 5.0;
				TARGETED_DEVICE_FAMILY = "1,2";
				TEST_TARGET_NAME = postsTableView;
			};
			name = Release;
		};
/* End XCBuildConfiguration section */

/* Begin XCConfigurationList section */
		6391ED3A2C28E6F6003B53F6 /* Build configuration list for PBXProject "postsTableView" */ = {
			isa = XCConfigurationList;
			buildConfigurations = (
				6391ED672C28E6F8003B53F6 /* Debug */,
				6391ED682C28E6F8003B53F6 /* Release */,
			);
			defaultConfigurationIsVisible = 0;
			defaultConfigurationName = Release;
		};
		6391ED692C28E6F8003B53F6 /* Build configuration list for PBXNativeTarget "postsTableView" */ = {
			isa = XCConfigurationList;
			buildConfigurations = (
				6391ED6A2C28E6F8003B53F6 /* Debug */,
				6391ED6B2C28E6F8003B53F6 /* Release */,
			);
			defaultConfigurationIsVisible = 0;
			defaultConfigurationName = Release;
		};
		6391ED6C2C28E6F8003B53F6 /* Build configuration list for PBXNativeTarget "postsTableViewTests" */ = {
			isa = XCConfigurationList;
			buildConfigurations = (
				6391ED6D2C28E6F8003B53F6 /* Debug */,
				6391ED6E2C28E6F8003B53F6 /* Release */,
			);
			defaultConfigurationIsVisible = 0;
			defaultConfigurationName = Release;
		};
		6391ED6F2C28E6F8003B53F6 /* Build configuration list for PBXNativeTarget "postsTableViewUITests" */ = {
			isa = XCConfigurationList;
			buildConfigurations = (
				6391ED702C28E6F8003B53F6 /* Debug */,
				6391ED712C28E6F8003B53F6 /* Release */,
			);
			defaultConfigurationIsVisible = 0;
			defaultConfigurationName = Release;
		};
/* End XCConfigurationList section */
	};
	rootObject = 6391ED372C28E6F6003B53F6 /* Project object */;
}
