// !$*UTF8*$!
{
	archiveVersion = 1;
	classes = {
	};
	objectVersion = 56;
	objects = {

/* Begin PBXBuildFile section */
		5171790D2C191F3E00B625F7 /* AppDelegate.swift in Sources */ = {isa = PBXBuildFile; fileRef = 5171790C2C191F3E00B625F7 /* AppDelegate.swift */; };
		5171790F2C191F3E00B625F7 /* SceneDelegate.swift in Sources */ = {isa = PBXBuildFile; fileRef = 5171790E2C191F3E00B625F7 /* SceneDelegate.swift */; };
		517179112C191F3E00B625F7 /* ViewController.swift in Sources */ = {isa = PBXBuildFile; fileRef = 517179102C191F3E00B625F7 /* ViewController.swift */; };
		517179142C191F3E00B625F7 /* Main.storyboard in Resources */ = {isa = PBXBuildFile; fileRef = 517179122C191F3E00B625F7 /* Main.storyboard */; };
		517179162C191F3F00B625F7 /* Assets.xcassets in Resources */ = {isa = PBXBuildFile; fileRef = 517179152C191F3F00B625F7 /* Assets.xcassets */; };
		517179192C191F3F00B625F7 /* LaunchScreen.storyboard in Resources */ = {isa = PBXBuildFile; fileRef = 517179172C191F3F00B625F7 /* LaunchScreen.storyboard */; };
		517179242C191F3F00B625F7 /* AppTwoTests.swift in Sources */ = {isa = PBXBuildFile; fileRef = 517179232C191F3F00B625F7 /* AppTwoTests.swift */; };
		5171792E2C191F3F00B625F7 /* AppTwoUITests.swift in Sources */ = {isa = PBXBuildFile; fileRef = 5171792D2C191F3F00B625F7 /* AppTwoUITests.swift */; };
		517179302C191F3F00B625F7 /* AppTwoUITestsLaunchTests.swift in Sources */ = {isa = PBXBuildFile; fileRef = 5171792F2C191F3F00B625F7 /* AppTwoUITestsLaunchTests.swift */; };
/* End PBXBuildFile section */

/* Begin PBXContainerItemProxy section */
		517179202C191F3F00B625F7 /* PBXContainerItemProxy */ = {
			isa = PBXContainerItemProxy;
			containerPortal = 517179012C191F3E00B625F7 /* Project object */;
			proxyType = 1;
			remoteGlobalIDString = 517179082C191F3E00B625F7;
			remoteInfo = AppTwo;
		};
		5171792A2C191F3F00B625F7 /* PBXContainerItemProxy */ = {
			isa = PBXContainerItemProxy;
			containerPortal = 517179012C191F3E00B625F7 /* Project object */;
			proxyType = 1;
			remoteGlobalIDString = 517179082C191F3E00B625F7;
			remoteInfo = AppTwo;
		};
/* End PBXContainerItemProxy section */

/* Begin PBXFileReference section */
		517179092C191F3E00B625F7 /* AppTwo.app */ = {isa = PBXFileReference; explicitFileType = wrapper.application; includeInIndex = 0; path = AppTwo.app; sourceTree = BUILT_PRODUCTS_DIR; };
		5171790C2C191F3E00B625F7 /* AppDelegate.swift */ = {isa = PBXFileReference; lastKnownFileType = sourcecode.swift; path = AppDelegate.swift; sourceTree = "<group>"; };
		5171790E2C191F3E00B625F7 /* SceneDelegate.swift */ = {isa = PBXFileReference; lastKnownFileType = sourcecode.swift; path = SceneDelegate.swift; sourceTree = "<group>"; };
		517179102C191F3E00B625F7 /* ViewController.swift */ = {isa = PBXFileReference; lastKnownFileType = sourcecode.swift; path = ViewController.swift; sourceTree = "<group>"; };
		517179132C191F3E00B625F7 /* Base */ = {isa = PBXFileReference; lastKnownFileType = file.storyboard; name = Base; path = Base.lproj/Main.storyboard; sourceTree = "<group>"; };
		517179152C191F3F00B625F7 /* Assets.xcassets */ = {isa = PBXFileReference; lastKnownFileType = folder.assetcatalog; path = Assets.xcassets; sourceTree = "<group>"; };
		517179182C191F3F00B625F7 /* Base */ = {isa = PBXFileReference; lastKnownFileType = file.storyboard; name = Base; path = Base.lproj/LaunchScreen.storyboard; sourceTree = "<group>"; };
		5171791A2C191F3F00B625F7 /* Info.plist */ = {isa = PBXFileReference; lastKnownFileType = text.plist.xml; path = Info.plist; sourceTree = "<group>"; };
		5171791F2C191F3F00B625F7 /* AppTwoTests.xctest */ = {isa = PBXFileReference; explicitFileType = wrapper.cfbundle; includeInIndex = 0; path = AppTwoTests.xctest; sourceTree = BUILT_PRODUCTS_DIR; };
		517179232C191F3F00B625F7 /* AppTwoTests.swift */ = {isa = PBXFileReference; lastKnownFileType = sourcecode.swift; path = AppTwoTests.swift; sourceTree = "<group>"; };
		517179292C191F3F00B625F7 /* AppTwoUITests.xctest */ = {isa = PBXFileReference; explicitFileType = wrapper.cfbundle; includeInIndex = 0; path = AppTwoUITests.xctest; sourceTree = BUILT_PRODUCTS_DIR; };
		5171792D2C191F3F00B625F7 /* AppTwoUITests.swift */ = {isa = PBXFileReference; lastKnownFileType = sourcecode.swift; path = AppTwoUITests.swift; sourceTree = "<group>"; };
		5171792F2C191F3F00B625F7 /* AppTwoUITestsLaunchTests.swift */ = {isa = PBXFileReference; lastKnownFileType = sourcecode.swift; path = AppTwoUITestsLaunchTests.swift; sourceTree = "<group>"; };
/* End PBXFileReference section */

/* Begin PBXFrameworksBuildPhase section */
		517179062C191F3E00B625F7 /* Frameworks */ = {
			isa = PBXFrameworksBuildPhase;
			buildActionMask = 2147483647;
			files = (
			);
			runOnlyForDeploymentPostprocessing = 0;
		};
		5171791C2C191F3F00B625F7 /* Frameworks */ = {
			isa = PBXFrameworksBuildPhase;
			buildActionMask = 2147483647;
			files = (
			);
			runOnlyForDeploymentPostprocessing = 0;
		};
		517179262C191F3F00B625F7 /* Frameworks */ = {
			isa = PBXFrameworksBuildPhase;
			buildActionMask = 2147483647;
			files = (
			);
			runOnlyForDeploymentPostprocessing = 0;
		};
/* End PBXFrameworksBuildPhase section */

/* Begin PBXGroup section */
		517179002C191F3E00B625F7 = {
			isa = PBXGroup;
			children = (
				5171790B2C191F3E00B625F7 /* AppTwo */,
				517179222C191F3F00B625F7 /* AppTwoTests */,
				5171792C2C191F3F00B625F7 /* AppTwoUITests */,
				5171790A2C191F3E00B625F7 /* Products */,
			);
			sourceTree = "<group>";
		};
		5171790A2C191F3E00B625F7 /* Products */ = {
			isa = PBXGroup;
			children = (
				517179092C191F3E00B625F7 /* AppTwo.app */,
				5171791F2C191F3F00B625F7 /* AppTwoTests.xctest */,
				517179292C191F3F00B625F7 /* AppTwoUITests.xctest */,
			);
			name = Products;
			sourceTree = "<group>";
		};
		5171790B2C191F3E00B625F7 /* AppTwo */ = {
			isa = PBXGroup;
			children = (
				5171790C2C191F3E00B625F7 /* AppDelegate.swift */,
				5171790E2C191F3E00B625F7 /* SceneDelegate.swift */,
				517179102C191F3E00B625F7 /* ViewController.swift */,
				517179122C191F3E00B625F7 /* Main.storyboard */,
				517179152C191F3F00B625F7 /* Assets.xcassets */,
				517179172C191F3F00B625F7 /* LaunchScreen.storyboard */,
				5171791A2C191F3F00B625F7 /* Info.plist */,
			);
			path = AppTwo;
			sourceTree = "<group>";
		};
		517179222C191F3F00B625F7 /* AppTwoTests */ = {
			isa = PBXGroup;
			children = (
				517179232C191F3F00B625F7 /* AppTwoTests.swift */,
			);
			path = AppTwoTests;
			sourceTree = "<group>";
		};
		5171792C2C191F3F00B625F7 /* AppTwoUITests */ = {
			isa = PBXGroup;
			children = (
				5171792D2C191F3F00B625F7 /* AppTwoUITests.swift */,
				5171792F2C191F3F00B625F7 /* AppTwoUITestsLaunchTests.swift */,
			);
			path = AppTwoUITests;
			sourceTree = "<group>";
		};
/* End PBXGroup section */

/* Begin PBXNativeTarget section */
		517179082C191F3E00B625F7 /* AppTwo */ = {
			isa = PBXNativeTarget;
			buildConfigurationList = 517179332C191F3F00B625F7 /* Build configuration list for PBXNativeTarget "AppTwo" */;
			buildPhases = (
				517179052C191F3E00B625F7 /* Sources */,
				517179062C191F3E00B625F7 /* Frameworks */,
				517179072C191F3E00B625F7 /* Resources */,
			);
			buildRules = (
			);
			dependencies = (
			);
			name = AppTwo;
			productName = AppTwo;
			productReference = 517179092C191F3E00B625F7 /* AppTwo.app */;
			productType = "com.apple.product-type.application";
		};
		5171791E2C191F3F00B625F7 /* AppTwoTests */ = {
			isa = PBXNativeTarget;
			buildConfigurationList = 517179362C191F3F00B625F7 /* Build configuration list for PBXNativeTarget "AppTwoTests" */;
			buildPhases = (
				5171791B2C191F3F00B625F7 /* Sources */,
				5171791C2C191F3F00B625F7 /* Frameworks */,
				5171791D2C191F3F00B625F7 /* Resources */,
			);
			buildRules = (
			);
			dependencies = (
				517179212C191F3F00B625F7 /* PBXTargetDependency */,
			);
			name = AppTwoTests;
			productName = AppTwoTests;
			productReference = 5171791F2C191F3F00B625F7 /* AppTwoTests.xctest */;
			productType = "com.apple.product-type.bundle.unit-test";
		};
		517179282C191F3F00B625F7 /* AppTwoUITests */ = {
			isa = PBXNativeTarget;
			buildConfigurationList = 517179392C191F3F00B625F7 /* Build configuration list for PBXNativeTarget "AppTwoUITests" */;
			buildPhases = (
				517179252C191F3F00B625F7 /* Sources */,
				517179262C191F3F00B625F7 /* Frameworks */,
				517179272C191F3F00B625F7 /* Resources */,
			);
			buildRules = (
			);
			dependencies = (
				5171792B2C191F3F00B625F7 /* PBXTargetDependency */,
			);
			name = AppTwoUITests;
			productName = AppTwoUITests;
			productReference = 517179292C191F3F00B625F7 /* AppTwoUITests.xctest */;
			productType = "com.apple.product-type.bundle.ui-testing";
		};
/* End PBXNativeTarget section */

/* Begin PBXProject section */
		517179012C191F3E00B625F7 /* Project object */ = {
			isa = PBXProject;
			attributes = {
				BuildIndependentTargetsInParallel = 1;
				LastSwiftUpdateCheck = 1430;
				LastUpgradeCheck = 1430;
				TargetAttributes = {
					517179082C191F3E00B625F7 = {
						CreatedOnToolsVersion = 14.3.1;
					};
					5171791E2C191F3F00B625F7 = {
						CreatedOnToolsVersion = 14.3.1;
						TestTargetID = 517179082C191F3E00B625F7;
					};
					517179282C191F3F00B625F7 = {
						CreatedOnToolsVersion = 14.3.1;
						TestTargetID = 517179082C191F3E00B625F7;
					};
				};
			};
			buildConfigurationList = 517179042C191F3E00B625F7 /* Build configuration list for PBXProject "AppTwo" */;
			compatibilityVersion = "Xcode 14.0";
			developmentRegion = en;
			hasScannedForEncodings = 0;
			knownRegions = (
				en,
				Base,
			);
			mainGroup = 517179002C191F3E00B625F7;
			productRefGroup = 5171790A2C191F3E00B625F7 /* Products */;
			projectDirPath = "";
			projectRoot = "";
			targets = (
				517179082C191F3E00B625F7 /* AppTwo */,
				5171791E2C191F3F00B625F7 /* AppTwoTests */,
				517179282C191F3F00B625F7 /* AppTwoUITests */,
			);
		};
/* End PBXProject section */

/* Begin PBXResourcesBuildPhase section */
		517179072C191F3E00B625F7 /* Resources */ = {
			isa = PBXResourcesBuildPhase;
			buildActionMask = 2147483647;
			files = (
				517179192C191F3F00B625F7 /* LaunchScreen.storyboard in Resources */,
				517179162C191F3F00B625F7 /* Assets.xcassets in Resources */,
				517179142C191F3E00B625F7 /* Main.storyboard in Resources */,
			);
			runOnlyForDeploymentPostprocessing = 0;
		};
		5171791D2C191F3F00B625F7 /* Resources */ = {
			isa = PBXResourcesBuildPhase;
			buildActionMask = 2147483647;
			files = (
			);
			runOnlyForDeploymentPostprocessing = 0;
		};
		517179272C191F3F00B625F7 /* Resources */ = {
			isa = PBXResourcesBuildPhase;
			buildActionMask = 2147483647;
			files = (
			);
			runOnlyForDeploymentPostprocessing = 0;
		};
/* End PBXResourcesBuildPhase section */

/* Begin PBXSourcesBuildPhase section */
		517179052C191F3E00B625F7 /* Sources */ = {
			isa = PBXSourcesBuildPhase;
			buildActionMask = 2147483647;
			files = (
				517179112C191F3E00B625F7 /* ViewController.swift in Sources */,
				5171790D2C191F3E00B625F7 /* AppDelegate.swift in Sources */,
				5171790F2C191F3E00B625F7 /* SceneDelegate.swift in Sources */,
			);
			runOnlyForDeploymentPostprocessing = 0;
		};
		5171791B2C191F3F00B625F7 /* Sources */ = {
			isa = PBXSourcesBuildPhase;
			buildActionMask = 2147483647;
			files = (
				517179242C191F3F00B625F7 /* AppTwoTests.swift in Sources */,
			);
			runOnlyForDeploymentPostprocessing = 0;
		};
		517179252C191F3F00B625F7 /* Sources */ = {
			isa = PBXSourcesBuildPhase;
			buildActionMask = 2147483647;
			files = (
				5171792E2C191F3F00B625F7 /* AppTwoUITests.swift in Sources */,
				517179302C191F3F00B625F7 /* AppTwoUITestsLaunchTests.swift in Sources */,
			);
			runOnlyForDeploymentPostprocessing = 0;
		};
/* End PBXSourcesBuildPhase section */

/* Begin PBXTargetDependency section */
		517179212C191F3F00B625F7 /* PBXTargetDependency */ = {
			isa = PBXTargetDependency;
			target = 517179082C191F3E00B625F7 /* AppTwo */;
			targetProxy = 517179202C191F3F00B625F7 /* PBXContainerItemProxy */;
		};
		5171792B2C191F3F00B625F7 /* PBXTargetDependency */ = {
			isa = PBXTargetDependency;
			target = 517179082C191F3E00B625F7 /* AppTwo */;
			targetProxy = 5171792A2C191F3F00B625F7 /* PBXContainerItemProxy */;
		};
/* End PBXTargetDependency section */

/* Begin PBXVariantGroup section */
		517179122C191F3E00B625F7 /* Main.storyboard */ = {
			isa = PBXVariantGroup;
			children = (
				517179132C191F3E00B625F7 /* Base */,
			);
			name = Main.storyboard;
			sourceTree = "<group>";
		};
		517179172C191F3F00B625F7 /* LaunchScreen.storyboard */ = {
			isa = PBXVariantGroup;
			children = (
				517179182C191F3F00B625F7 /* Base */,
			);
			name = LaunchScreen.storyboard;
			sourceTree = "<group>";
		};
/* End PBXVariantGroup section */

/* Begin XCBuildConfiguration section */
		517179312C191F3F00B625F7 /* Debug */ = {
			isa = XCBuildConfiguration;
			buildSettings = {
				ALWAYS_SEARCH_USER_PATHS = NO;
				CLANG_ANALYZER_NONNULL = YES;
				CLANG_ANALYZER_NUMBER_OBJECT_CONVERSION = YES_AGGRESSIVE;
				CLANG_CXX_LANGUAGE_STANDARD = "gnu++20";
				CLANG_ENABLE_MODULES = YES;
				CLANG_ENABLE_OBJC_ARC = YES;
				CLANG_ENABLE_OBJC_WEAK = YES;
				CLANG_WARN_BLOCK_CAPTURE_AUTORELEASING = YES;
				CLANG_WARN_BOOL_CONVERSION = YES;
				CLANG_WARN_COMMA = YES;
				CLANG_WARN_CONSTANT_CONVERSION = YES;
				CLANG_WARN_DEPRECATED_OBJC_IMPLEMENTATIONS = YES;
				CLANG_WARN_DIRECT_OBJC_ISA_USAGE = YES_ERROR;
				CLANG_WARN_DOCUMENTATION_COMMENTS = YES;
				CLANG_WARN_EMPTY_BODY = YES;
				CLANG_WARN_ENUM_CONVERSION = YES;
				CLANG_WARN_INFINITE_RECURSION = YES;
				CLANG_WARN_INT_CONVERSION = YES;
				CLANG_WARN_NON_LITERAL_NULL_CONVERSION = YES;
				CLANG_WARN_OBJC_IMPLICIT_RETAIN_SELF = YES;
				CLANG_WARN_OBJC_LITERAL_CONVERSION = YES;
				CLANG_WARN_OBJC_ROOT_CLASS = YES_ERROR;
				CLANG_WARN_QUOTED_INCLUDE_IN_FRAMEWORK_HEADER = YES;
				CLANG_WARN_RANGE_LOOP_ANALYSIS = YES;
				CLANG_WARN_STRICT_PROTOTYPES = YES;
				CLANG_WARN_SUSPICIOUS_MOVE = YES;
				CLANG_WARN_UNGUARDED_AVAILABILITY = YES_AGGRESSIVE;
				CLANG_WARN_UNREACHABLE_CODE = YES;
				CLANG_WARN__DUPLICATE_METHOD_MATCH = YES;
				COPY_PHASE_STRIP = NO;
				DEBUG_INFORMATION_FORMAT = dwarf;
				ENABLE_STRICT_OBJC_MSGSEND = YES;
				ENABLE_TESTABILITY = YES;
				GCC_C_LANGUAGE_STANDARD = gnu11;
				GCC_DYNAMIC_NO_PIC = NO;
				GCC_NO_COMMON_BLOCKS = YES;
				GCC_OPTIMIZATION_LEVEL = 0;
				GCC_PREPROCESSOR_DEFINITIONS = (
					"DEBUG=1",
					"$(inherited)",
				);
				GCC_WARN_64_TO_32_BIT_CONVERSION = YES;
				GCC_WARN_ABOUT_RETURN_TYPE = YES_ERROR;
				GCC_WARN_UNDECLARED_SELECTOR = YES;
				GCC_WARN_UNINITIALIZED_AUTOS = YES_AGGRESSIVE;
				GCC_WARN_UNUSED_FUNCTION = YES;
				GCC_WARN_UNUSED_VARIABLE = YES;
				IPHONEOS_DEPLOYMENT_TARGET = 16.4;
				MTL_ENABLE_DEBUG_INFO = INCLUDE_SOURCE;
				MTL_FAST_MATH = YES;
				ONLY_ACTIVE_ARCH = YES;
				SDKROOT = iphoneos;
				SWIFT_ACTIVE_COMPILATION_CONDITIONS = DEBUG;
				SWIFT_OPTIMIZATION_LEVEL = "-Onone";
			};
			name = Debug;
		};
		517179322C191F3F00B625F7 /* Release */ = {
			isa = XCBuildConfiguration;
			buildSettings = {
				ALWAYS_SEARCH_USER_PATHS = NO;
				CLANG_ANALYZER_NONNULL = YES;
				CLANG_ANALYZER_NUMBER_OBJECT_CONVERSION = YES_AGGRESSIVE;
				CLANG_CXX_LANGUAGE_STANDARD = "gnu++20";
				CLANG_ENABLE_MODULES = YES;
				CLANG_ENABLE_OBJC_ARC = YES;
				CLANG_ENABLE_OBJC_WEAK = YES;
				CLANG_WARN_BLOCK_CAPTURE_AUTORELEASING = YES;
				CLANG_WARN_BOOL_CONVERSION = YES;
				CLANG_WARN_COMMA = YES;
				CLANG_WARN_CONSTANT_CONVERSION = YES;
				CLANG_WARN_DEPRECATED_OBJC_IMPLEMENTATIONS = YES;
				CLANG_WARN_DIRECT_OBJC_ISA_USAGE = YES_ERROR;
				CLANG_WARN_DOCUMENTATION_COMMENTS = YES;
				CLANG_WARN_EMPTY_BODY = YES;
				CLANG_WARN_ENUM_CONVERSION = YES;
				CLANG_WARN_INFINITE_RECURSION = YES;
				CLANG_WARN_INT_CONVERSION = YES;
				CLANG_WARN_NON_LITERAL_NULL_CONVERSION = YES;
				CLANG_WARN_OBJC_IMPLICIT_RETAIN_SELF = YES;
				CLANG_WARN_OBJC_LITERAL_CONVERSION = YES;
				CLANG_WARN_OBJC_ROOT_CLASS = YES_ERROR;
				CLANG_WARN_QUOTED_INCLUDE_IN_FRAMEWORK_HEADER = YES;
				CLANG_WARN_RANGE_LOOP_ANALYSIS = YES;
				CLANG_WARN_STRICT_PROTOTYPES = YES;
				CLANG_WARN_SUSPICIOUS_MOVE = YES;
				CLANG_WARN_UNGUARDED_AVAILABILITY = YES_AGGRESSIVE;
				CLANG_WARN_UNREACHABLE_CODE = YES;
				CLANG_WARN__DUPLICATE_METHOD_MATCH = YES;
				COPY_PHASE_STRIP = NO;
				DEBUG_INFORMATION_FORMAT = "dwarf-with-dsym";
				ENABLE_NS_ASSERTIONS = NO;
				ENABLE_STRICT_OBJC_MSGSEND = YES;
				GCC_C_LANGUAGE_STANDARD = gnu11;
				GCC_NO_COMMON_BLOCKS = YES;
				GCC_WARN_64_TO_32_BIT_CONVERSION = YES;
				GCC_WARN_ABOUT_RETURN_TYPE = YES_ERROR;
				GCC_WARN_UNDECLARED_SELECTOR = YES;
				GCC_WARN_UNINITIALIZED_AUTOS = YES_AGGRESSIVE;
				GCC_WARN_UNUSED_FUNCTION = YES;
				GCC_WARN_UNUSED_VARIABLE = YES;
				IPHONEOS_DEPLOYMENT_TARGET = 16.4;
				MTL_ENABLE_DEBUG_INFO = NO;
				MTL_FAST_MATH = YES;
				SDKROOT = iphoneos;
				SWIFT_COMPILATION_MODE = wholemodule;
				SWIFT_OPTIMIZATION_LEVEL = "-O";
				VALIDATE_PRODUCT = YES;
			};
			name = Release;
		};
		517179342C191F3F00B625F7 /* Debug */ = {
			isa = XCBuildConfiguration;
			buildSettings = {
				ASSETCATALOG_COMPILER_APPICON_NAME = AppIcon;
				ASSETCATALOG_COMPILER_GLOBAL_ACCENT_COLOR_NAME = AccentColor;
				CODE_SIGN_STYLE = Automatic;
				CURRENT_PROJECT_VERSION = 1;
				GENERATE_INFOPLIST_FILE = YES;
				INFOPLIST_FILE = AppTwo/Info.plist;
				INFOPLIST_KEY_UIApplicationSupportsIndirectInputEvents = YES;
				INFOPLIST_KEY_UILaunchStoryboardName = LaunchScreen;
				INFOPLIST_KEY_UIMainStoryboardFile = Main;
				INFOPLIST_KEY_UISupportedInterfaceOrientations_iPad = "UIInterfaceOrientationPortrait UIInterfaceOrientationPortraitUpsideDown UIInterfaceOrientationLandscapeLeft UIInterfaceOrientationLandscapeRight";
				INFOPLIST_KEY_UISupportedInterfaceOrientations_iPhone = "UIInterfaceOrientationPortrait UIInterfaceOrientationLandscapeLeft UIInterfaceOrientationLandscapeRight";
				LD_RUNPATH_SEARCH_PATHS = (
					"$(inherited)",
					"@executable_path/Frameworks",
				);
				MARKETING_VERSION = 1.0;
				PRODUCT_BUNDLE_IDENTIFIER = com.david.AppTwo;
				PRODUCT_NAME = "$(TARGET_NAME)";
				SWIFT_EMIT_LOC_STRINGS = YES;
				SWIFT_VERSION = 5.0;
				TARGETED_DEVICE_FAMILY = "1,2";
			};
			name = Debug;
		};
		517179352C191F3F00B625F7 /* Release */ = {
			isa = XCBuildConfiguration;
			buildSettings = {
				ASSETCATALOG_COMPILER_APPICON_NAME = AppIcon;
				ASSETCATALOG_COMPILER_GLOBAL_ACCENT_COLOR_NAME = AccentColor;
				CODE_SIGN_STYLE = Automatic;
				CURRENT_PROJECT_VERSION = 1;
				GENERATE_INFOPLIST_FILE = YES;
				INFOPLIST_FILE = AppTwo/Info.plist;
				INFOPLIST_KEY_UIApplicationSupportsIndirectInputEvents = YES;
				INFOPLIST_KEY_UILaunchStoryboardName = LaunchScreen;
				INFOPLIST_KEY_UIMainStoryboardFile = Main;
				INFOPLIST_KEY_UISupportedInterfaceOrientations_iPad = "UIInterfaceOrientationPortrait UIInterfaceOrientationPortraitUpsideDown UIInterfaceOrientationLandscapeLeft UIInterfaceOrientationLandscapeRight";
				INFOPLIST_KEY_UISupportedInterfaceOrientations_iPhone = "UIInterfaceOrientationPortrait UIInterfaceOrientationLandscapeLeft UIInterfaceOrientationLandscapeRight";
				LD_RUNPATH_SEARCH_PATHS = (
					"$(inherited)",
					"@executable_path/Frameworks",
				);
				MARKETING_VERSION = 1.0;
				PRODUCT_BUNDLE_IDENTIFIER = com.david.AppTwo;
				PRODUCT_NAME = "$(TARGET_NAME)";
				SWIFT_EMIT_LOC_STRINGS = YES;
				SWIFT_VERSION = 5.0;
				TARGETED_DEVICE_FAMILY = "1,2";
			};
			name = Release;
		};
		517179372C191F3F00B625F7 /* Debug */ = {
			isa = XCBuildConfiguration;
			buildSettings = {
				ALWAYS_EMBED_SWIFT_STANDARD_LIBRARIES = YES;
				BUNDLE_LOADER = "$(TEST_HOST)";
				CODE_SIGN_STYLE = Automatic;
				CURRENT_PROJECT_VERSION = 1;
				GENERATE_INFOPLIST_FILE = YES;
				IPHONEOS_DEPLOYMENT_TARGET = 16.4;
				MARKETING_VERSION = 1.0;
				PRODUCT_BUNDLE_IDENTIFIER = com.david.AppTwoTests;
				PRODUCT_NAME = "$(TARGET_NAME)";
				SWIFT_EMIT_LOC_STRINGS = NO;
				SWIFT_VERSION = 5.0;
				TARGETED_DEVICE_FAMILY = "1,2";
				TEST_HOST = "$(BUILT_PRODUCTS_DIR)/AppTwo.app/$(BUNDLE_EXECUTABLE_FOLDER_PATH)/AppTwo";
			};
			name = Debug;
		};
		517179382C191F3F00B625F7 /* Release */ = {
			isa = XCBuildConfiguration;
			buildSettings = {
				ALWAYS_EMBED_SWIFT_STANDARD_LIBRARIES = YES;
				BUNDLE_LOADER = "$(TEST_HOST)";
				CODE_SIGN_STYLE = Automatic;
				CURRENT_PROJECT_VERSION = 1;
				GENERATE_INFOPLIST_FILE = YES;
				IPHONEOS_DEPLOYMENT_TARGET = 16.4;
				MARKETING_VERSION = 1.0;
				PRODUCT_BUNDLE_IDENTIFIER = com.david.AppTwoTests;
				PRODUCT_NAME = "$(TARGET_NAME)";
				SWIFT_EMIT_LOC_STRINGS = NO;
				SWIFT_VERSION = 5.0;
				TARGETED_DEVICE_FAMILY = "1,2";
				TEST_HOST = "$(BUILT_PRODUCTS_DIR)/AppTwo.app/$(BUNDLE_EXECUTABLE_FOLDER_PATH)/AppTwo";
			};
			name = Release;
		};
		5171793A2C191F3F00B625F7 /* Debug */ = {
			isa = XCBuildConfiguration;
			buildSettings = {
				ALWAYS_EMBED_SWIFT_STANDARD_LIBRARIES = YES;
				CODE_SIGN_STYLE = Automatic;
				CURRENT_PROJECT_VERSION = 1;
				GENERATE_INFOPLIST_FILE = YES;
				MARKETING_VERSION = 1.0;
				PRODUCT_BUNDLE_IDENTIFIER = com.david.AppTwoUITests;
				PRODUCT_NAME = "$(TARGET_NAME)";
				SWIFT_EMIT_LOC_STRINGS = NO;
				SWIFT_VERSION = 5.0;
				TARGETED_DEVICE_FAMILY = "1,2";
				TEST_TARGET_NAME = AppTwo;
			};
			name = Debug;
		};
		5171793B2C191F3F00B625F7 /* Release */ = {
			isa = XCBuildConfiguration;
			buildSettings = {
				ALWAYS_EMBED_SWIFT_STANDARD_LIBRARIES = YES;
				CODE_SIGN_STYLE = Automatic;
				CURRENT_PROJECT_VERSION = 1;
				GENERATE_INFOPLIST_FILE = YES;
				MARKETING_VERSION = 1.0;
				PRODUCT_BUNDLE_IDENTIFIER = com.david.AppTwoUITests;
				PRODUCT_NAME = "$(TARGET_NAME)";
				SWIFT_EMIT_LOC_STRINGS = NO;
				SWIFT_VERSION = 5.0;
				TARGETED_DEVICE_FAMILY = "1,2";
				TEST_TARGET_NAME = AppTwo;
			};
			name = Release;
		};
/* End XCBuildConfiguration section */

/* Begin XCConfigurationList section */
		517179042C191F3E00B625F7 /* Build configuration list for PBXProject "AppTwo" */ = {
			isa = XCConfigurationList;
			buildConfigurations = (
				517179312C191F3F00B625F7 /* Debug */,
				517179322C191F3F00B625F7 /* Release */,
			);
			defaultConfigurationIsVisible = 0;
			defaultConfigurationName = Release;
		};
		517179332C191F3F00B625F7 /* Build configuration list for PBXNativeTarget "AppTwo" */ = {
			isa = XCConfigurationList;
			buildConfigurations = (
				517179342C191F3F00B625F7 /* Debug */,
				517179352C191F3F00B625F7 /* Release */,
			);
			defaultConfigurationIsVisible = 0;
			defaultConfigurationName = Release;
		};
		517179362C191F3F00B625F7 /* Build configuration list for PBXNativeTarget "AppTwoTests" */ = {
			isa = XCConfigurationList;
			buildConfigurations = (
				517179372C191F3F00B625F7 /* Debug */,
				517179382C191F3F00B625F7 /* Release */,
			);
			defaultConfigurationIsVisible = 0;
			defaultConfigurationName = Release;
		};
		517179392C191F3F00B625F7 /* Build configuration list for PBXNativeTarget "AppTwoUITests" */ = {
			isa = XCConfigurationList;
			buildConfigurations = (
				5171793A2C191F3F00B625F7 /* Debug */,
				5171793B2C191F3F00B625F7 /* Release */,
			);
			defaultConfigurationIsVisible = 0;
			defaultConfigurationName = Release;
		};
/* End XCConfigurationList section */
	};
	rootObject = 517179012C191F3E00B625F7 /* Project object */;
}
